// !$*UTF8*$!
{
	archiveVersion = 1;
	classes = {
	};
	objectVersion = 77;
	objects = {

/* Begin PBXBuildFile section */
		06EF311D881705EB5C28A94B /* ShivajiLessonStore.swift in Sources */ = {isa = PBXBuildFile; fileRef = BAABCCD639D0C3267861E9A8 /* ShivajiLessonStore.swift */; };
		073C82A44999663DE9B72A3D /* MasteryState.swift in Sources */ = {isa = PBXBuildFile; fileRef = 901C5A02CDD2D6DA5162F535 /* MasteryState.swift */; };
		0A4A9F770C1A4F32965E1011 /* GBButtonStyle.swift in Sources */ = {isa = PBXBuildFile; fileRef = 0A4A9F760C1A4F32965E1011 /* GBButtonStyle.swift */; };
		0A4A9F790C1A4F32965E1011 /* GBSectionHeader.swift in Sources */ = {isa = PBXBuildFile; fileRef = 0A4A9F780C1A4F32965E1011 /* GBSectionHeader.swift */; };
		0A4A9F7B0C1A4F32965E1011 /* GBTypography.swift in Sources */ = {isa = PBXBuildFile; fileRef = 0A4A9F7A0C1A4F32965E1011 /* GBTypography.swift */; };
		0A4A9F7D0C1A4F32965E1011 /* GBIcon.swift in Sources */ = {isa = PBXBuildFile; fileRef = 0A4A9F7C0C1A4F32965E1011 /* GBIcon.swift */; };
		0A4A9F7F0C1A4F32965E1011 /* GBBadge.swift in Sources */ = {isa = PBXBuildFile; fileRef = 0A4A9F7E0C1A4F32965E1011 /* GBBadge.swift */; };
		0A4A9F810C1A4F32965E1011 /* GBQuestProgress.swift in Sources */ = {isa = PBXBuildFile; fileRef = 0A4A9F800C1A4F32965E1011 /* GBQuestProgress.swift */; };
		0A4A9F830C1A4F32965E1011 /* GBMotion.swift in Sources */ = {isa = PBXBuildFile; fileRef = 0A4A9F820C1A4F32965E1011 /* GBMotion.swift */; };
		0A4A9F850C1A4F32965E1011 /* GBCardStyle.swift in Sources */ = {isa = PBXBuildFile; fileRef = 0A4A9F840C1A4F32965E1011 /* GBCardStyle.swift */; };
		0A4A9F870C1A4F32965E1011 /* GBSurface.swift in Sources */ = {isa = PBXBuildFile; fileRef = 0A4A9F860C1A4F32965E1011 /* GBSurface.swift */; };
		0A4A9F890C1A4F32965E1011 /* GBHeroCard.swift in Sources */ = {isa = PBXBuildFile; fileRef = 0A4A9F880C1A4F32965E1011 /* GBHeroCard.swift */; };
		0A4A9F8B0C1A4F32965E1011 /* GBColor.swift in Sources */ = {isa = PBXBuildFile; fileRef = 0A4A9F8A0C1A4F32965E1011 /* GBColor.swift */; };
		0A4A9F8D0C1A4F32965E1011 /* GBRadius.swift in Sources */ = {isa = PBXBuildFile; fileRef = 0A4A9F8C0C1A4F32965E1011 /* GBRadius.swift */; };
		0A4A9F8F0C1A4F32965E1011 /* GBSpacing.swift in Sources */ = {isa = PBXBuildFile; fileRef = 0A4A9F8E0C1A4F32965E1011 /* GBSpacing.swift */; };
		0A4A9F910C1A4F32965E1011 /* GBLayoutContext.swift in Sources */ = {isa = PBXBuildFile; fileRef = 0A4A9F900C1A4F32965E1011 /* GBLayoutContext.swift */; };
		16E40D4D9552B57A027D9FF5 /* StoryHomeView.swift in Sources */ = {isa = PBXBuildFile; fileRef = DDA3B33CD2FFC1A53263C40A /* StoryHomeView.swift */; };
		1A7C4F102B8E4C1D9A001122 /* HeroArcModels.swift in Sources */ = {isa = PBXBuildFile; fileRef = 1A7C4F0F2B8E4C1D9A001122 /* HeroArcModels.swift */; };
		1F8C2F1A8E2D4A1B9C7D1234 /* DebugNavigationRoute.swift in Sources */ = {isa = PBXBuildFile; fileRef = 1F8C2F198E2D4A1B9C7D1234 /* DebugNavigationRoute.swift */; };
		229E49C4CD4DEAEF962F1BA4 /* ContentView.swift in Sources */ = {isa = PBXBuildFile; fileRef = CE540544C5E9622DB91B7EF8 /* ContentView.swift */; };
		22C3E261CDC547E64D125909 /* LessonHomeView.swift in Sources */ = {isa = PBXBuildFile; fileRef = AB428856E6E0B33ECEAA8E36 /* LessonHomeView.swift */; };
		2C6D8E0F1A2B3C4D5E6F7081 /* LessonFeedback.swift in Sources */ = {isa = PBXBuildFile; fileRef = 2C6D8E0E1A2B3C4D5E6F7081 /* LessonFeedback.swift */; };
		7B4A1D2E3F40516273849506 /* CaptureRootView.swift in Sources */ = {isa = PBXBuildFile; fileRef = 7B4A1D2D3F40516273849506 /* CaptureRootView.swift */; };
		32E281A86CD24DEF8DBD980E /* SampleContent.swift in Sources */ = {isa = PBXBuildFile; fileRef = 71BEDED465CA437D09ADDCD5 /* SampleContent.swift */; };
		3CE894040C86BE6F34F93C13 /* GreatsOfBharathaApp.swift in Sources */ = {isa = PBXBuildFile; fileRef = CED5BF1DBC7EBB77DB2514A7 /* GreatsOfBharathaApp.swift */; };
		6DD86E4197280065B8F2187B /* ShivajiLessonModels.swift in Sources */ = {isa = PBXBuildFile; fileRef = C3010C8E169172E6B28BBA75 /* ShivajiLessonModels.swift */; };
		86E2FF6E624F8374636950E5 /* README_BOOTSTRAP.md in Resources */ = {isa = PBXBuildFile; fileRef = AF8E819340759100DB074CD4 /* README_BOOTSTRAP.md */; };
		A7BA06A197B5E5166A0F7BB6 /* ChronicleView.swift in Sources */ = {isa = PBXBuildFile; fileRef = 5B68FFD09AD399FAE5A7DA5F /* ChronicleView.swift */; };
		F1A2B3C4D5E6F708192A3B4C /* ParentProgressView.swift in Sources */ = {isa = PBXBuildFile; fileRef = F1A2B3C4D5E6F708192A3B4B /* ParentProgressView.swift */; };
		B2BA40CEB6D4E94F1608CA71 /* ContentModels.swift in Sources */ = {isa = PBXBuildFile; fileRef = 842D0166597E3756A21D8739 /* ContentModels.swift */; };
		DA179384FDADDB751B69ED44 /* ALPHA_README.md in Resources */ = {isa = PBXBuildFile; fileRef = AE4ACA8DD1F96BF699DB84C3 /* ALPHA_README.md */; };
		E192EA45F4DF6C39007360F9 /* GreatsOfBharathaTests.swift in Sources */ = {isa = PBXBuildFile; fileRef = 85B8DF1FEE4414FC115FD0F1 /* GreatsOfBharathaTests.swift */; };
		EC46491021CBEFACB6398346 /* SceneLessonView.swift in Sources */ = {isa = PBXBuildFile; fileRef = 0C84A1BE87F4CAA5D6281AD6 /* SceneLessonView.swift */; };
		EC86C80AAD4DC6283501CE97 /* PlacesHubView.swift in Sources */ = {isa = PBXBuildFile; fileRef = B437E2FBF7D8A3260B1C1DCC /* PlacesHubView.swift */; };
		EE2374F1DB13184A06C4BBCA /* AppModel.swift in Sources */ = {isa = PBXBuildFile; fileRef = 6413C33179A188AA0729938F /* AppModel.swift */; };
/* End PBXBuildFile section */

/* Begin PBXContainerItemProxy section */
		1B8E81FBEF4EDFBA191D91EF /* PBXContainerItemProxy */ = {
			isa = PBXContainerItemProxy;
			containerPortal = 4A262F71F3F0F07F3FD4F4D5 /* Project object */;
			proxyType = 1;
			remoteGlobalIDString = EEED15624C2241F4B6CD0477;
			remoteInfo = GreatsOfBharatha;
		};
/* End PBXContainerItemProxy section */

/* Begin PBXFileReference section */
		0C84A1BE87F4CAA5D6281AD6 /* SceneLessonView.swift */ = {isa = PBXFileReference; lastKnownFileType = sourcecode.swift; path = SceneLessonView.swift; sourceTree = "<group>"; };
		0C857F8C6F22867D7E8B067F /* ShivajiLessonViews.swift */ = {isa = PBXFileReference; lastKnownFileType = sourcecode.swift; path = ShivajiLessonViews.swift; sourceTree = "<group>"; };
		0A4A9F760C1A4F32965E1011 /* GBButtonStyle.swift */ = {isa = PBXFileReference; lastKnownFileType = sourcecode.swift; path = GBButtonStyle.swift; sourceTree = "<group>"; };
		0A4A9F780C1A4F32965E1011 /* GBSectionHeader.swift */ = {isa = PBXFileReference; lastKnownFileType = sourcecode.swift; path = GBSectionHeader.swift; sourceTree = "<group>"; };
		0A4A9F7A0C1A4F32965E1011 /* GBTypography.swift */ = {isa = PBXFileReference; lastKnownFileType = sourcecode.swift; path = GBTypography.swift; sourceTree = "<group>"; };
		0A4A9F7C0C1A4F32965E1011 /* GBIcon.swift */ = {isa = PBXFileReference; lastKnownFileType = sourcecode.swift; path = GBIcon.swift; sourceTree = "<group>"; };
		0A4A9F7E0C1A4F32965E1011 /* GBBadge.swift */ = {isa = PBXFileReference; lastKnownFileType = sourcecode.swift; path = GBBadge.swift; sourceTree = "<group>"; };
		0A4A9F800C1A4F32965E1011 /* GBQuestProgress.swift */ = {isa = PBXFileReference; lastKnownFileType = sourcecode.swift; path = GBQuestProgress.swift; sourceTree = "<group>"; };
		0A4A9F820C1A4F32965E1011 /* GBMotion.swift */ = {isa = PBXFileReference; lastKnownFileType = sourcecode.swift; path = GBMotion.swift; sourceTree = "<group>"; };
		0A4A9F840C1A4F32965E1011 /* GBCardStyle.swift */ = {isa = PBXFileReference; lastKnownFileType = sourcecode.swift; path = GBCardStyle.swift; sourceTree = "<group>"; };
		0A4A9F860C1A4F32965E1011 /* GBSurface.swift */ = {isa = PBXFileReference; lastKnownFileType = sourcecode.swift; path = GBSurface.swift; sourceTree = "<group>"; };
		0A4A9F880C1A4F32965E1011 /* GBHeroCard.swift */ = {isa = PBXFileReference; lastKnownFileType = sourcecode.swift; path = GBHeroCard.swift; sourceTree = "<group>"; };
		0A4A9F8A0C1A4F32965E1011 /* GBColor.swift */ = {isa = PBXFileReference; lastKnownFileType = sourcecode.swift; path = GBColor.swift; sourceTree = "<group>"; };
		0A4A9F8C0C1A4F32965E1011 /* GBRadius.swift */ = {isa = PBXFileReference; lastKnownFileType = sourcecode.swift; path = GBRadius.swift; sourceTree = "<group>"; };
		0A4A9F8E0C1A4F32965E1011 /* GBSpacing.swift */ = {isa = PBXFileReference; lastKnownFileType = sourcecode.swift; path = GBSpacing.swift; sourceTree = "<group>"; };
		0A4A9F900C1A4F32965E1011 /* GBLayoutContext.swift */ = {isa = PBXFileReference; lastKnownFileType = sourcecode.swift; path = GBLayoutContext.swift; sourceTree = "<group>"; };
		1A7C4F0F2B8E4C1D9A001122 /* HeroArcModels.swift */ = {isa = PBXFileReference; lastKnownFileType = sourcecode.swift; path = HeroArcModels.swift; sourceTree = "<group>"; };
		1F8C2F198E2D4A1B9C7D1234 /* DebugNavigationRoute.swift */ = {isa = PBXFileReference; lastKnownFileType = sourcecode.swift; path = DebugNavigationRoute.swift; sourceTree = "<group>"; };
		2C6D8E0E1A2B3C4D5E6F7081 /* LessonFeedback.swift */ = {isa = PBXFileReference; lastKnownFileType = sourcecode.swift; path = LessonFeedback.swift; sourceTree = "<group>"; };
		38AE753749107F40681898D3 /* GreatsOfBharathaTests.xctest */ = {isa = PBXFileReference; includeInIndex = 0; lastKnownFileType = wrapper.cfbundle; path = GreatsOfBharathaTests.xctest; sourceTree = BUILT_PRODUCTS_DIR; };
		5B68FFD09AD399FAE5A7DA5F /* ChronicleView.swift */ = {isa = PBXFileReference; lastKnownFileType = sourcecode.swift; path = ChronicleView.swift; sourceTree = "<group>"; };
		7B4A1D2D3F40516273849506 /* CaptureRootView.swift */ = {isa = PBXFileReference; lastKnownFileType = sourcecode.swift; path = CaptureRootView.swift; sourceTree = "<group>"; };
		6413C33179A188AA0729938F /* AppModel.swift */ = {isa = PBXFileReference; lastKnownFileType = sourcecode.swift; path = AppModel.swift; sourceTree = "<group>"; };
		71BEDED465CA437D09ADDCD5 /* SampleContent.swift */ = {isa = PBXFileReference; lastKnownFileType = sourcecode.swift; path = SampleContent.swift; sourceTree = "<group>"; };
		842D0166597E3756A21D8739 /* ContentModels.swift */ = {isa = PBXFileReference; lastKnownFileType = sourcecode.swift; path = ContentModels.swift; sourceTree = "<group>"; };
		85B8DF1FEE4414FC115FD0F1 /* GreatsOfBharathaTests.swift */ = {isa = PBXFileReference; lastKnownFileType = sourcecode.swift; path = GreatsOfBharathaTests.swift; sourceTree = "<group>"; };
		8A94778E49C1F68D8BA267FB /* GreatsOfBharatha.app */ = {isa = PBXFileReference; includeInIndex = 0; lastKnownFileType = wrapper.application; path = GreatsOfBharatha.app; sourceTree = BUILT_PRODUCTS_DIR; };
		901C5A02CDD2D6DA5162F535 /* MasteryState.swift */ = {isa = PBXFileReference; lastKnownFileType = sourcecode.swift; path = MasteryState.swift; sourceTree = "<group>"; };
		AB428856E6E0B33ECEAA8E36 /* LessonHomeView.swift */ = {isa = PBXFileReference; lastKnownFileType = sourcecode.swift; path = LessonHomeView.swift; sourceTree = "<group>"; };
		AE4ACA8DD1F96BF699DB84C3 /* ALPHA_README.md */ = {isa = PBXFileReference; lastKnownFileType = net.daringfireball.markdown; path = ALPHA_README.md; sourceTree = "<group>"; };
		AF8E819340759100DB074CD4 /* README_BOOTSTRAP.md */ = {isa = PBXFileReference; lastKnownFileType = net.daringfireball.markdown; path = README_BOOTSTRAP.md; sourceTree = "<group>"; };
		F1A2B3C4D5E6F708192A3B4B /* ParentProgressView.swift */ = {isa = PBXFileReference; lastKnownFileType = sourcecode.swift; path = ParentProgressView.swift; sourceTree = "<group>"; };
		B437E2FBF7D8A3260B1C1DCC /* PlacesHubView.swift */ = {isa = PBXFileReference; lastKnownFileType = sourcecode.swift; path = PlacesHubView.swift; sourceTree = "<group>"; };
		BAABCCD639D0C3267861E9A8 /* ShivajiLessonStore.swift */ = {isa = PBXFileReference; lastKnownFileType = sourcecode.swift; path = ShivajiLessonStore.swift; sourceTree = "<group>"; };
		C3010C8E169172E6B28BBA75 /* ShivajiLessonModels.swift */ = {isa = PBXFileReference; lastKnownFileType = sourcecode.swift; path = ShivajiLessonModels.swift; sourceTree = "<group>"; };
		CE540544C5E9622DB91B7EF8 /* ContentView.swift */ = {isa = PBXFileReference; lastKnownFileType = sourcecode.swift; path = ContentView.swift; sourceTree = "<group>"; };
		CED5BF1DBC7EBB77DB2514A7 /* GreatsOfBharathaApp.swift */ = {isa = PBXFileReference; lastKnownFileType = sourcecode.swift; path = GreatsOfBharathaApp.swift; sourceTree = "<group>"; };
		DDA3B33CD2FFC1A53263C40A /* StoryHomeView.swift */ = {isa = PBXFileReference; lastKnownFileType = sourcecode.swift; path = StoryHomeView.swift; sourceTree = "<group>"; };
/* End PBXFileReference section */

/* Begin PBXGroup section */
		0A4A9F920C1A4F32965E1011 /* Tokens */ = {
			isa = PBXGroup;
			children = (
				0A4A9F8A0C1A4F32965E1011 /* GBColor.swift */,
				0A4A9F7C0C1A4F32965E1011 /* GBIcon.swift */,
				0A4A9F820C1A4F32965E1011 /* GBMotion.swift */,
				0A4A9F8C0C1A4F32965E1011 /* GBRadius.swift */,
				0A4A9F8E0C1A4F32965E1011 /* GBSpacing.swift */,
				0A4A9F7A0C1A4F32965E1011 /* GBTypography.swift */,
			);
			path = Tokens;
			sourceTree = "<group>";
		};
		0A4A9F930C1A4F32965E1011 /* Foundation */ = {
			isa = PBXGroup;
			children = (
				0A4A9F7E0C1A4F32965E1011 /* GBBadge.swift */,
				0A4A9F760C1A4F32965E1011 /* GBButtonStyle.swift */,
				0A4A9F840C1A4F32965E1011 /* GBCardStyle.swift */,
				0A4A9F900C1A4F32965E1011 /* GBLayoutContext.swift */,
				0A4A9F860C1A4F32965E1011 /* GBSurface.swift */,
			);
			path = Foundation;
			sourceTree = "<group>";
		};
		0A4A9F940C1A4F32965E1011 /* Components */ = {
			isa = PBXGroup;
			children = (
				0A4A9F880C1A4F32965E1011 /* GBHeroCard.swift */,
				0A4A9F800C1A4F32965E1011 /* GBQuestProgress.swift */,
				0A4A9F780C1A4F32965E1011 /* GBSectionHeader.swift */,
			);
			path = Components;
			sourceTree = "<group>";
		};
		0A4A9F950C1A4F32965E1011 /* DesignSystem */ = {
			isa = PBXGroup;
			children = (
				0A4A9F920C1A4F32965E1011 /* Tokens */,
				0A4A9F930C1A4F32965E1011 /* Foundation */,
				0A4A9F940C1A4F32965E1011 /* Components */,
			);
			path = DesignSystem;
			sourceTree = "<group>";
		};
		0570398737C6B4A9BAA4000C /* Models */ = {
			isa = PBXGroup;
			children = (
				6413C33179A188AA0729938F /* AppModel.swift */,
				842D0166597E3756A21D8739 /* ContentModels.swift */,
				1A7C4F0F2B8E4C1D9A001122 /* HeroArcModels.swift */,
				901C5A02CDD2D6DA5162F535 /* MasteryState.swift */,
				71BEDED465CA437D09ADDCD5 /* SampleContent.swift */,
				C3010C8E169172E6B28BBA75 /* ShivajiLessonModels.swift */,
				BAABCCD639D0C3267861E9A8 /* ShivajiLessonStore.swift */,
			);
			path = Models;
			sourceTree = "<group>";
		};
		291D0A188BF00AB65634B378 /* Chronicle */ = {
			isa = PBXGroup;
			children = (
				5B68FFD09AD399FAE5A7DA5F /* ChronicleView.swift */,
			);
			path = Chronicle;
			sourceTree = "<group>";
		};
		3B4C5D6E7F8091A2B3C4D5E6 /* Parent */ = {
			isa = PBXGroup;
			children = (
				F1A2B3C4D5E6F708192A3B4B /* ParentProgressView.swift */,
			);
			path = Parent;
			sourceTree = "<group>";
		};
		29C18B9AA5DE074DEE2233A4 /* GreatsOfBharathaTests */ = {
			isa = PBXGroup;
			children = (
				85B8DF1FEE4414FC115FD0F1 /* GreatsOfBharathaTests.swift */,
			);
			path = GreatsOfBharathaTests;
			sourceTree = "<group>";
		};
		2CAF176D76684F7BB625884A /* Lesson */ = {
			isa = PBXGroup;
			children = (
				AB428856E6E0B33ECEAA8E36 /* LessonHomeView.swift */,
				0C84A1BE87F4CAA5D6281AD6 /* SceneLessonView.swift */,
				DDA3B33CD2FFC1A53263C40A /* StoryHomeView.swift */,
			);
			path = Lesson;
			sourceTree = "<group>";
		};
		4883D0626FEE9C29B53D471D /* Features */ = {
			isa = PBXGroup;
			children = (
				291D0A188BF00AB65634B378 /* Chronicle */,
				2CAF176D76684F7BB625884A /* Lesson */,
				B8EE4101C55EA21501F66716 /* Map */,
				3B4C5D6E7F8091A2B3C4D5E6 /* Parent */,
			);
			path = Features;
			sourceTree = "<group>";
		};
		57AE668B589447AA164CAEE2 /* Shared */ = {
			isa = PBXGroup;
			children = (
				0570398737C6B4A9BAA4000C /* Models */,
				9E7D6C5B4A39281716151413 /* Theme */,
			);
			path = Shared;
			sourceTree = "<group>";
		};
		9E7D6C5B4A39281716151413 /* Theme */ = {
			isa = PBXGroup;
			children = (
				2C6D8E0E1A2B3C4D5E6F7081 /* LessonFeedback.swift */,
			);
			path = Theme;
			sourceTree = "<group>";
		};
		AB76524BEC0A35CC9D332AFD = {
			isa = PBXGroup;
			children = (
				EBB69AAB1E89F302C4DD2B65 /* GreatsOfBharatha */,
				29C18B9AA5DE074DEE2233A4 /* GreatsOfBharathaTests */,
				C38600D9652E838D51F7049E /* Products */,
			);
			sourceTree = "<group>";
		};
		B103BD6B19B2767D7BF88F0A /* App */ = {
			isa = PBXGroup;
			children = (
				7B4A1D2D3F40516273849506 /* CaptureRootView.swift */,
				CE540544C5E9622DB91B7EF8 /* ContentView.swift */,
				1F8C2F198E2D4A1B9C7D1234 /* DebugNavigationRoute.swift */,
				CED5BF1DBC7EBB77DB2514A7 /* GreatsOfBharathaApp.swift */,
			);
			path = App;
			sourceTree = "<group>";
		};
		B8EE4101C55EA21501F66716 /* Map */ = {
			isa = PBXGroup;
			children = (
				B437E2FBF7D8A3260B1C1DCC /* PlacesHubView.swift */,
			);
			path = Map;
			sourceTree = "<group>";
		};
		C38600D9652E838D51F7049E /* Products */ = {
			isa = PBXGroup;
			children = (
				8A94778E49C1F68D8BA267FB /* GreatsOfBharatha.app */,
				38AE753749107F40681898D3 /* GreatsOfBharathaTests.xctest */,
			);
			name = Products;
			sourceTree = "<group>";
		};
		EBB69AAB1E89F302C4DD2B65 /* GreatsOfBharatha */ = {
			isa = PBXGroup;
			children = (
				AE4ACA8DD1F96BF699DB84C3 /* ALPHA_README.md */,
				AF8E819340759100DB074CD4 /* README_BOOTSTRAP.md */,
				B103BD6B19B2767D7BF88F0A /* App */,
				0A4A9F950C1A4F32965E1011 /* DesignSystem */,
				4883D0626FEE9C29B53D471D /* Features */,
				57AE668B589447AA164CAEE2 /* Shared */,
			);
			path = GreatsOfBharatha;
			sourceTree = "<group>";
		};
/* End PBXGroup section */

/* Begin PBXNativeTarget section */
		BF73B710E3B0072602FD8B4A /* GreatsOfBharathaTests */ = {
			isa = PBXNativeTarget;
			buildConfigurationList = 38045A41A54DB3EEEEBB5A32 /* Build configuration list for PBXNativeTarget "GreatsOfBharathaTests" */;
			buildPhases = (
				34B6B8D62B58E67D977A8894 /* Sources */,
			);
			buildRules = (
			);
			dependencies = (
				9AC98C2115D20D2C2A79F0DD /* PBXTargetDependency */,
			);
			name = GreatsOfBharathaTests;
			packageProductDependencies = (
			);
			productName = GreatsOfBharathaTests;
			productReference = 38AE753749107F40681898D3 /* GreatsOfBharathaTests.xctest */;
			productType = "com.apple.product-type.bundle.unit-test";
		};
		EEED15624C2241F4B6CD0477 /* GreatsOfBharatha */ = {
			isa = PBXNativeTarget;
			buildConfigurationList = C44C21608E4054D77ED127F3 /* Build configuration list for PBXNativeTarget "GreatsOfBharatha" */;
			buildPhases = (
				089D6F967F33DCD3969726C4 /* Sources */,
				4F58FFEA003DD45C7E0AA34C /* Resources */,
			);
			buildRules = (
			);
			dependencies = (
			);
			name = GreatsOfBharatha;
			packageProductDependencies = (
			);
			productName = GreatsOfBharatha;
			productReference = 8A94778E49C1F68D8BA267FB /* GreatsOfBharatha.app */;
			productType = "com.apple.product-type.application";
		};
/* End PBXNativeTarget section */

/* Begin PBXProject section */
		4A262F71F3F0F07F3FD4F4D5 /* Project object */ = {
			isa = PBXProject;
			attributes = {
				BuildIndependentTargetsInParallel = YES;
				LastUpgradeCheck = 1430;
				TargetAttributes = {
					BF73B710E3B0072602FD8B4A = {
						DevelopmentTeam = J3387FUR8X;
						ProvisioningStyle = Automatic;
					};
					EEED15624C2241F4B6CD0477 = {
						DevelopmentTeam = J3387FUR8X;
						ProvisioningStyle = Automatic;
					};
				};
			};
			buildConfigurationList = 452A9856857D7E37DC084E72 /* Build configuration list for PBXProject "GreatsOfBharatha" */;
			developmentRegion = en;
			hasScannedForEncodings = 0;
			knownRegions = (
				Base,
				en,
			);
			mainGroup = AB76524BEC0A35CC9D332AFD;
			minimizedProjectReferenceProxies = 1;
			preferredProjectObjectVersion = 77;
			productRefGroup = C38600D9652E838D51F7049E /* Products */;
			projectDirPath = "";
			projectRoot = "";
			targets = (
				EEED15624C2241F4B6CD0477 /* GreatsOfBharatha */,
				BF73B710E3B0072602FD8B4A /* GreatsOfBharathaTests */,
			);
		};
/* End PBXProject section */

/* Begin PBXResourcesBuildPhase section */
		4F58FFEA003DD45C7E0AA34C /* Resources */ = {
			isa = PBXResourcesBuildPhase;
			buildActionMask = 2147483647;
			files = (
				DA179384FDADDB751B69ED44 /* ALPHA_README.md in Resources */,
				86E2FF6E624F8374636950E5 /* README_BOOTSTRAP.md in Resources */,
			);
			runOnlyForDeploymentPostprocessing = 0;
		};
/* End PBXResourcesBuildPhase section */

/* Begin PBXSourcesBuildPhase section */
		089D6F967F33DCD3969726C4 /* Sources */ = {
			isa = PBXSourcesBuildPhase;
			buildActionMask = 2147483647;
			files = (
				1A7C4F102B8E4C1D9A001122 /* HeroArcModels.swift in Sources */,
				0A4A9F7F0C1A4F32965E1011 /* GBBadge.swift in Sources */,
				0A4A9F770C1A4F32965E1011 /* GBButtonStyle.swift in Sources */,
				0A4A9F850C1A4F32965E1011 /* GBCardStyle.swift in Sources */,
				0A4A9F8B0C1A4F32965E1011 /* GBColor.swift in Sources */,
				0A4A9F890C1A4F32965E1011 /* GBHeroCard.swift in Sources */,
				0A4A9F7D0C1A4F32965E1011 /* GBIcon.swift in Sources */,
				0A4A9F910C1A4F32965E1011 /* GBLayoutContext.swift in Sources */,
				0A4A9F830C1A4F32965E1011 /* GBMotion.swift in Sources */,
				0A4A9F810C1A4F32965E1011 /* GBQuestProgress.swift in Sources */,
				0A4A9F8D0C1A4F32965E1011 /* GBRadius.swift in Sources */,
				0A4A9F790C1A4F32965E1011 /* GBSectionHeader.swift in Sources */,
				0A4A9F8F0C1A4F32965E1011 /* GBSpacing.swift in Sources */,
				0A4A9F870C1A4F32965E1011 /* GBSurface.swift in Sources */,
				0A4A9F7B0C1A4F32965E1011 /* GBTypography.swift in Sources */,
				7B4A1D2E3F40516273849506 /* CaptureRootView.swift in Sources */,
				1F8C2F1A8E2D4A1B9C7D1234 /* DebugNavigationRoute.swift in Sources */,
				EE2374F1DB13184A06C4BBCA /* AppModel.swift in Sources */,
				A7BA06A197B5E5166A0F7BB6 /* ChronicleView.swift in Sources */,
				F1A2B3C4D5E6F708192A3B4C /* ParentProgressView.swift in Sources */,
				B2BA40CEB6D4E94F1608CA71 /* ContentModels.swift in Sources */,
				229E49C4CD4DEAEF962F1BA4 /* ContentView.swift in Sources */,
				3CE894040C86BE6F34F93C13 /* GreatsOfBharathaApp.swift in Sources */,
				22C3E261CDC547E64D125909 /* LessonHomeView.swift in Sources */,
				2C6D8E0F1A2B3C4D5E6F7081 /* LessonFeedback.swift in Sources */,
				073C82A44999663DE9B72A3D /* MasteryState.swift in Sources */,
				EC86C80AAD4DC6283501CE97 /* PlacesHubView.swift in Sources */,
				32E281A86CD24DEF8DBD980E /* SampleContent.swift in Sources */,
				EC46491021CBEFACB6398346 /* SceneLessonView.swift in Sources */,
				6DD86E4197280065B8F2187B /* ShivajiLessonModels.swift in Sources */,
				06EF311D881705EB5C28A94B /* ShivajiLessonStore.swift in Sources */,
				16E40D4D9552B57A027D9FF5 /* StoryHomeView.swift in Sources */,
			);
			runOnlyForDeploymentPostprocessing = 0;
		};
		34B6B8D62B58E67D977A8894 /* Sources */ = {
			isa = PBXSourcesBuildPhase;
			buildActionMask = 2147483647;
			files = (
				E192EA45F4DF6C39007360F9 /* GreatsOfBharathaTests.swift in Sources */,
			);
			runOnlyForDeploymentPostprocessing = 0;
		};
/* End PBXSourcesBuildPhase section */

/* Begin PBXTargetDependency section */
		9AC98C2115D20D2C2A79F0DD /* PBXTargetDependency */ = {
			isa = PBXTargetDependency;
			target = EEED15624C2241F4B6CD0477 /* GreatsOfBharatha */;
			targetProxy = 1B8E81FBEF4EDFBA191D91EF /* PBXContainerItemProxy */;
		};
/* End PBXTargetDependency section */

/* Begin XCBuildConfiguration section */
		0A6D3554A070EEDF6B1BD7CC /* Release */ = {
			isa = XCBuildConfiguration;
			buildSettings = {
				BUNDLE_LOADER = "$(TEST_HOST)";
				GENERATE_INFOPLIST_FILE = YES;
				LD_RUNPATH_SEARCH_PATHS = (
					"$(inherited)",
					"@executable_path/Frameworks",
					"@loader_path/Frameworks",
				);
				PRODUCT_BUNDLE_IDENTIFIER = com.ganesh47.greatsofbharatha.tests;
				PRODUCT_MODULE_NAME = GreatsOfBharathaTests;
				PRODUCT_NAME = GreatsOfBharathaTests;
				SDKROOT = iphoneos;
				TARGETED_DEVICE_FAMILY = "1,2";
				TEST_HOST = "$(BUILT_PRODUCTS_DIR)/Greats Of Bharatha.app/Greats Of Bharatha";
			};
			name = Release;
		};
		16FAE0FC0AED394000D72DA9 /* Release */ = {
			isa = XCBuildConfiguration;
			buildSettings = {
				ALWAYS_SEARCH_USER_PATHS = NO;
				CLANG_ANALYZER_NONNULL = YES;
				CLANG_ANALYZER_NUMBER_OBJECT_CONVERSION = YES_AGGRESSIVE;
				CLANG_CXX_LANGUAGE_STANDARD = "gnu++14";
				CLANG_CXX_LIBRARY = "libc++";
				CLANG_ENABLE_MODULES = YES;
				CLANG_ENABLE_OBJC_ARC = YES;
				CLANG_ENABLE_OBJC_WEAK = YES;
				CLANG_WARN_BLOCK_CAPTURE_AUTORELEASING = YES;
				CLANG_WARN_BOOL_CONVERSION = YES;
				CLANG_WARN_COMMA = YES;
				CLANG_WARN_CONSTANT_CONVERSION = YES;
				CLANG_WARN_DEPRECATED_OBJC_IMPLEMENTATIONS = YES;
				CLANG_WARN_DIRECT_OBJC_ISA_USAGE = YES_ERROR;
				CLANG_WARN_DOCUMENTATION_COMMENTS = YES;
				CLANG_WARN_EMPTY_BODY = YES;
				CLANG_WARN_ENUM_CONVERSION = YES;
				CLANG_WARN_INFINITE_RECURSION = YES;
				CLANG_WARN_INT_CONVERSION = YES;
				CLANG_WARN_NON_LITERAL_NULL_CONVERSION = YES;
				CLANG_WARN_OBJC_IMPLICIT_RETAIN_SELF = YES;
				CLANG_WARN_OBJC_LITERAL_CONVERSION = YES;
				CLANG_WARN_OBJC_ROOT_CLASS = YES_ERROR;
				CLANG_WARN_QUOTED_INCLUDE_IN_FRAMEWORK_HEADER = YES;
				CLANG_WARN_RANGE_LOOP_ANALYSIS = YES;
				CLANG_WARN_STRICT_PROTOTYPES = YES;
				CLANG_WARN_SUSPICIOUS_MOVE = YES;
				CLANG_WARN_UNGUARDED_AVAILABILITY = YES_AGGRESSIVE;
				CLANG_WARN_UNREACHABLE_CODE = YES;
				CLANG_WARN__DUPLICATE_METHOD_MATCH = YES;
				CODE_SIGN_STYLE = Automatic;
				COPY_PHASE_STRIP = NO;
				CURRENT_PROJECT_VERSION = 1;
				DEBUG_INFORMATION_FORMAT = "dwarf-with-dsym";
				DEVELOPMENT_TEAM = J3387FUR8X;
				ENABLE_NS_ASSERTIONS = NO;
				ENABLE_STRICT_OBJC_MSGSEND = YES;
				GCC_C_LANGUAGE_STANDARD = gnu11;
				GCC_NO_COMMON_BLOCKS = YES;
				GCC_WARN_64_TO_32_BIT_CONVERSION = YES;
				GCC_WARN_ABOUT_RETURN_TYPE = YES_ERROR;
				GCC_WARN_UNDECLARED_SELECTOR = YES;
				GCC_WARN_UNINITIALIZED_AUTOS = YES_AGGRESSIVE;
				GCC_WARN_UNUSED_FUNCTION = YES;
				GCC_WARN_UNUSED_VARIABLE = YES;
				GENERATE_INFOPLIST_FILE = YES;
				IPHONEOS_DEPLOYMENT_TARGET = 18.0;
				MARKETING_VERSION = "0.1.0-alpha";
				MTL_ENABLE_DEBUG_INFO = NO;
				MTL_FAST_MATH = YES;
				PRODUCT_NAME = "Greats Of Bharatha";
				SDKROOT = iphoneos;
				SUPPORTS_MACCATALYST = NO;
				SWIFT_COMPILATION_MODE = wholemodule;
				SWIFT_OPTIMIZATION_LEVEL = "-O";
				SWIFT_VERSION = 6.0;
				TARGETED_DEVICE_FAMILY = "1,2";
			};
			name = Release;
		};
		3E8B000B8EEAB7587CC0553B /* Debug */ = {
			isa = XCBuildConfiguration;
			buildSettings = {
				ASSETCATALOG_COMPILER_APPICON_NAME = AppIcon;
				CODE_SIGN_IDENTITY = "iPhone Developer";
				INFOPLIST_KEY_CFBundleDisplayName = "Greats Of Bharatha";
				INFOPLIST_KEY_UIApplicationSceneManifest_Generation = YES;
				INFOPLIST_KEY_UIStatusBarStyle = UIStatusBarStyleDefault;
				LD_RUNPATH_SEARCH_PATHS = (
					"$(inherited)",
					"@executable_path/Frameworks",
				);
				PRODUCT_BUNDLE_IDENTIFIER = com.ganesh47.greatsofbharatha;
				PRODUCT_NAME = "Greats Of Bharatha";
				SDKROOT = iphoneos;
				TARGETED_DEVICE_FAMILY = "1,2";
			};
			name = Debug;
		};
		A73E592A07EF635FE1AEA2CE /* Debug */ = {
			isa = XCBuildConfiguration;
			buildSettings = {
				ALWAYS_SEARCH_USER_PATHS = NO;
				CLANG_ANALYZER_NONNULL = YES;
				CLANG_ANALYZER_NUMBER_OBJECT_CONVERSION = YES_AGGRESSIVE;
				CLANG_CXX_LANGUAGE_STANDARD = "gnu++14";
				CLANG_CXX_LIBRARY = "libc++";
				CLANG_ENABLE_MODULES = YES;
				CLANG_ENABLE_OBJC_ARC = YES;
				CLANG_ENABLE_OBJC_WEAK = YES;
				CLANG_WARN_BLOCK_CAPTURE_AUTORELEASING = YES;
				CLANG_WARN_BOOL_CONVERSION = YES;
				CLANG_WARN_COMMA = YES;
				CLANG_WARN_CONSTANT_CONVERSION = YES;
				CLANG_WARN_DEPRECATED_OBJC_IMPLEMENTATIONS = YES;
				CLANG_WARN_DIRECT_OBJC_ISA_USAGE = YES_ERROR;
				CLANG_WARN_DOCUMENTATION_COMMENTS = YES;
				CLANG_WARN_EMPTY_BODY = YES;
				CLANG_WARN_ENUM_CONVERSION = YES;
				CLANG_WARN_INFINITE_RECURSION = YES;
				CLANG_WARN_INT_CONVERSION = YES;
				CLANG_WARN_NON_LITERAL_NULL_CONVERSION = YES;
				CLANG_WARN_OBJC_IMPLICIT_RETAIN_SELF = YES;
				CLANG_WARN_OBJC_LITERAL_CONVERSION = YES;
				CLANG_WARN_OBJC_ROOT_CLASS = YES_ERROR;
				CLANG_WARN_QUOTED_INCLUDE_IN_FRAMEWORK_HEADER = YES;
				CLANG_WARN_RANGE_LOOP_ANALYSIS = YES;
				CLANG_WARN_STRICT_PROTOTYPES = YES;
				CLANG_WARN_SUSPICIOUS_MOVE = YES;
				CLANG_WARN_UNGUARDED_AVAILABILITY = YES_AGGRESSIVE;
				CLANG_WARN_UNREACHABLE_CODE = YES;
				CLANG_WARN__DUPLICATE_METHOD_MATCH = YES;
				CODE_SIGN_STYLE = Automatic;
				COPY_PHASE_STRIP = NO;
				CURRENT_PROJECT_VERSION = 1;
				DEBUG_INFORMATION_FORMAT = dwarf;
				DEVELOPMENT_TEAM = J3387FUR8X;
				ENABLE_STRICT_OBJC_MSGSEND = YES;
				ENABLE_TESTABILITY = YES;
				GCC_C_LANGUAGE_STANDARD = gnu11;
				GCC_DYNAMIC_NO_PIC = NO;
				GCC_NO_COMMON_BLOCKS = YES;
				GCC_OPTIMIZATION_LEVEL = 0;
				GCC_PREPROCESSOR_DEFINITIONS = (
					"$(inherited)",
					"DEBUG=1",
				);
				GCC_WARN_64_TO_32_BIT_CONVERSION = YES;
				GCC_WARN_ABOUT_RETURN_TYPE = YES_ERROR;
				GCC_WARN_UNDECLARED_SELECTOR = YES;
				GCC_WARN_UNINITIALIZED_AUTOS = YES_AGGRESSIVE;
				GCC_WARN_UNUSED_FUNCTION = YES;
				GCC_WARN_UNUSED_VARIABLE = YES;
				GENERATE_INFOPLIST_FILE = YES;
				IPHONEOS_DEPLOYMENT_TARGET = 18.0;
				MARKETING_VERSION = "0.1.0-alpha";
				MTL_ENABLE_DEBUG_INFO = INCLUDE_SOURCE;
				MTL_FAST_MATH = YES;
				ONLY_ACTIVE_ARCH = YES;
				PRODUCT_NAME = "Greats Of Bharatha";
				SDKROOT = iphoneos;
				SUPPORTS_MACCATALYST = NO;
				SWIFT_ACTIVE_COMPILATION_CONDITIONS = DEBUG;
				SWIFT_OPTIMIZATION_LEVEL = "-Onone";
				SWIFT_VERSION = 6.0;
				TARGETED_DEVICE_FAMILY = "1,2";
			};
			name = Debug;
		};
		B5E80E9DE6A1E95CB2F6A3B5 /* Release */ = {
			isa = XCBuildConfiguration;
			buildSettings = {
				ASSETCATALOG_COMPILER_APPICON_NAME = AppIcon;
				CODE_SIGN_IDENTITY = "iPhone Developer";
				INFOPLIST_KEY_CFBundleDisplayName = "Greats Of Bharatha";
				INFOPLIST_KEY_UIApplicationSceneManifest_Generation = YES;
				INFOPLIST_KEY_UIStatusBarStyle = UIStatusBarStyleDefault;
				LD_RUNPATH_SEARCH_PATHS = (
					"$(inherited)",
					"@executable_path/Frameworks",
				);
				PRODUCT_BUNDLE_IDENTIFIER = com.ganesh47.greatsofbharatha;
				PRODUCT_NAME = "Greats Of Bharatha";
				SDKROOT = iphoneos;
				TARGETED_DEVICE_FAMILY = "1,2";
			};
			name = Release;
		};
		C96C93902DF0FE2E6ED2A42A /* Debug */ = {
			isa = XCBuildConfiguration;
			buildSettings = {
				BUNDLE_LOADER = "$(TEST_HOST)";
				GENERATE_INFOPLIST_FILE = YES;
				LD_RUNPATH_SEARCH_PATHS = (
					"$(inherited)",
					"@executable_path/Frameworks",
					"@loader_path/Frameworks",
				);
				PRODUCT_BUNDLE_IDENTIFIER = com.ganesh47.greatsofbharatha.tests;
				PRODUCT_MODULE_NAME = GreatsOfBharathaTests;
				PRODUCT_NAME = GreatsOfBharathaTests;
				SDKROOT = iphoneos;
				TARGETED_DEVICE_FAMILY = "1,2";
				TEST_HOST = "$(BUILT_PRODUCTS_DIR)/Greats Of Bharatha.app/Greats Of Bharatha";
			};
			name = Debug;
		};
/* End XCBuildConfiguration section */

/* Begin XCConfigurationList section */
		38045A41A54DB3EEEEBB5A32 /* Build configuration list for PBXNativeTarget "GreatsOfBharathaTests" */ = {
			isa = XCConfigurationList;
			buildConfigurations = (
				C96C93902DF0FE2E6ED2A42A /* Debug */,
				0A6D3554A070EEDF6B1BD7CC /* Release */,
			);
			defaultConfigurationIsVisible = 0;
			defaultConfigurationName = Debug;
		};
		452A9856857D7E37DC084E72 /* Build configuration list for PBXProject "GreatsOfBharatha" */ = {
			isa = XCConfigurationList;
			buildConfigurations = (
				A73E592A07EF635FE1AEA2CE /* Debug */,
				16FAE0FC0AED394000D72DA9 /* Release */,
			);
			defaultConfigurationIsVisible = 0;
			defaultConfigurationName = Debug;
		};
		C44C21608E4054D77ED127F3 /* Build configuration list for PBXNativeTarget "GreatsOfBharatha" */ = {
			isa = XCConfigurationList;
			buildConfigurations = (
				3E8B000B8EEAB7587CC0553B /* Debug */,
				B5E80E9DE6A1E95CB2F6A3B5 /* Release */,
			);
			defaultConfigurationIsVisible = 0;
			defaultConfigurationName = Debug;
		};
/* End XCConfigurationList section */
	};
	rootObject = 4A262F71F3F0F07F3FD4F4D5 /* Project object */;
}
