// !$*UTF8*$!
{
	archiveVersion = 1;
	classes = {
	};
	objectVersion = 77;
	objects = {

/* Begin PBXBuildFile section */
		00F7762E6675FFA1591CB270 /* GBLayoutContext.swift in Sources */ = {isa = PBXBuildFile; fileRef = 2E1F22519D406A575588CE02 /* GBLayoutContext.swift */; };
		06EF311D881705EB5C28A94B /* ShivajiLessonStore.swift in Sources */ = {isa = PBXBuildFile; fileRef = BAABCCD639D0C3267861E9A8 /* ShivajiLessonStore.swift */; };
		073C82A44999663DE9B72A3D /* MasteryState.swift in Sources */ = {isa = PBXBuildFile; fileRef = 901C5A02CDD2D6DA5162F535 /* MasteryState.swift */; };
		07FB948684566346F8B09A98 /* GBSpacing.swift in Sources */ = {isa = PBXBuildFile; fileRef = 5A6043F267C6727A816F8CE8 /* GBSpacing.swift */; };
		0C3412C4E22C4B63092DB4BE /* DebugNavigationRoute.swift in Sources */ = {isa = PBXBuildFile; fileRef = 1D930EAD368CC7853B35494A /* DebugNavigationRoute.swift */; };
		16E40D4D9552B57A027D9FF5 /* StoryHomeView.swift in Sources */ = {isa = PBXBuildFile; fileRef = DDA3B33CD2FFC1A53263C40A /* StoryHomeView.swift */; };
		1D46FB6ECD9C7608AF1C984E /* LearningEnginesTests.swift in Sources */ = {isa = PBXBuildFile; fileRef = 2E960C45C97D2EAE06A7FBBB /* LearningEnginesTests.swift */; };
		211E19D2035927C41FB3C2E9 /* LearnQuizComponents.swift in Sources */ = {isa = PBXBuildFile; fileRef = 2A7FCD376566BEDC5C726FF4 /* LearnQuizComponents.swift */; };
		229E49C4CD4DEAEF962F1BA4 /* ContentView.swift in Sources */ = {isa = PBXBuildFile; fileRef = CE540544C5E9622DB91B7EF8 /* ContentView.swift */; };
		22C3E261CDC547E64D125909 /* LessonHomeView.swift in Sources */ = {isa = PBXBuildFile; fileRef = AB428856E6E0B33ECEAA8E36 /* LessonHomeView.swift */; };
		28F96E8FA507F0D5650F8C95 /* LearnQuizPilotData.swift in Sources */ = {isa = PBXBuildFile; fileRef = 3F908003C182E0D3D3047941 /* LearnQuizPilotData.swift */; };
		2ABB675D9B13E6BC94627094 /* GBSurface.swift in Sources */ = {isa = PBXBuildFile; fileRef = BD34478F7C8BC5F5EE50AD37 /* GBSurface.swift */; };
		32E281A86CD24DEF8DBD980E /* SampleContent.swift in Sources */ = {isa = PBXBuildFile; fileRef = 71BEDED465CA437D09ADDCD5 /* SampleContent.swift */; };
		38181663217C8A05A26880D2 /* Assets.xcassets in Resources */ = {isa = PBXBuildFile; fileRef = CD5C939A7D069E35B849A5A8 /* Assets.xcassets */; };
		3C4FB3ADBB894FDAC9244FBA /* HeroArcModels.swift in Sources */ = {isa = PBXBuildFile; fileRef = B69947B828E9DD4B794FBE0A /* HeroArcModels.swift */; };
		3CE894040C86BE6F34F93C13 /* GreatsOfBharathaApp.swift in Sources */ = {isa = PBXBuildFile; fileRef = CED5BF1DBC7EBB77DB2514A7 /* GreatsOfBharathaApp.swift */; };
		3D46D432D0A11FA9E2F27BD9 /* GBMotion.swift in Sources */ = {isa = PBXBuildFile; fileRef = B510B04B44F609399601600C /* GBMotion.swift */; };
		47729BBB9C78BD293A31A6BD /* GBRadius.swift in Sources */ = {isa = PBXBuildFile; fileRef = 874E1F2468B251B5784486DE /* GBRadius.swift */; };
		4C3F8F976E0CB196A3AEB41B /* GBNLRecallEvaluator.swift in Sources */ = {isa = PBXBuildFile; fileRef = CCE07361DC3C1D6D864BB326 /* GBNLRecallEvaluator.swift */; };
		5219DF64A6BC873CBD28A985 /* GBIcon.swift in Sources */ = {isa = PBXBuildFile; fileRef = 0048FE06EF01F9520955BAAD /* GBIcon.swift */; };
		5222F1E15033526746FC9EBC /* FlashcardReviewView.swift in Sources */ = {isa = PBXBuildFile; fileRef = 49EFCDA681F7AB90C2EDC1C6 /* FlashcardReviewView.swift */; };
		57A372CC37EE9EDD83A56710 /* GBTypography.swift in Sources */ = {isa = PBXBuildFile; fileRef = FA553A6C52FF405536FB4B58 /* GBTypography.swift */; };
		59DDE6A3CB3C27E2595A3085 /* GBSceneCard.swift in Sources */ = {isa = PBXBuildFile; fileRef = DB52F4EF3B015973D3C6D088 /* GBSceneCard.swift */; };
		5BD4A172E915378D3A9CC856 /* GBShadow.swift in Sources */ = {isa = PBXBuildFile; fileRef = 891FE8601621FF7A7BDE9AC6 /* GBShadow.swift */; };
		5C9B9B95F0A16A53E02C8B38 /* SceneLearnView.swift in Sources */ = {isa = PBXBuildFile; fileRef = AAAB7F46ABBA5FCDA7A016BB /* SceneLearnView.swift */; };
		5D281628DB3CC42AD77F0D7A /* LearningEngines.swift in Sources */ = {isa = PBXBuildFile; fileRef = 390AE8B48E7C52C376816E87 /* LearningEngines.swift */; };
		608CCC7416A6F35837C15A04 /* TimelineHubView.swift in Sources */ = {isa = PBXBuildFile; fileRef = 70E8E42D945004543238A06E /* TimelineHubView.swift */; };
		62EF82978E25896FA52FEAA8 /* ChronicleQuizView.swift in Sources */ = {isa = PBXBuildFile; fileRef = AC6CE8B3071CC2D92499A35E /* ChronicleQuizView.swift */; };
		6DD86E4197280065B8F2187B /* ShivajiLessonModels.swift in Sources */ = {isa = PBXBuildFile; fileRef = C3010C8E169172E6B28BBA75 /* ShivajiLessonModels.swift */; };
		86E2FF6E624F8374636950E5 /* README_BOOTSTRAP.md in Resources */ = {isa = PBXBuildFile; fileRef = AF8E819340759100DB074CD4 /* README_BOOTSTRAP.md */; };
		88F9E6C20BBFA38264D4077B /* ChronicleMatchView.swift in Sources */ = {isa = PBXBuildFile; fileRef = F7731536CB354B63B77E73A4 /* ChronicleMatchView.swift */; };
		89E3FE1D90324B34D697C540 /* GBCardStyle.swift in Sources */ = {isa = PBXBuildFile; fileRef = 8609E7F8AFD990A81250F928 /* GBCardStyle.swift */; };
		8B6F5ED2AC090236774D73A1 /* GBFlashCard.swift in Sources */ = {isa = PBXBuildFile; fileRef = 8664679DB91BD8C821702F4F /* GBFlashCard.swift */; };
		8B7734948D0D0BE63E8E43B9 /* GBColor.swift in Sources */ = {isa = PBXBuildFile; fileRef = 96600FFDF84328236B5EFACF /* GBColor.swift */; };
		96869AB017E4A3EBBE1DD23C /* GBHeroCard.swift in Sources */ = {isa = PBXBuildFile; fileRef = 35DD7C78E273FA67916C2743 /* GBHeroCard.swift */; };
		98B47696937C9BCD2D0E9235 /* LessonFeedback.swift in Sources */ = {isa = PBXBuildFile; fileRef = 40039999B2C8D4999FB8C254 /* LessonFeedback.swift */; };
		A6FDD95326F16B0BFD391AAB /* GBIntelligenceHint.swift in Sources */ = {isa = PBXBuildFile; fileRef = C552711CAEFFD3AB955E26E7 /* GBIntelligenceHint.swift */; };
		A7BA06A197B5E5166A0F7BB6 /* ChronicleView.swift in Sources */ = {isa = PBXBuildFile; fileRef = 5B68FFD09AD399FAE5A7DA5F /* ChronicleView.swift */; };
		AB57B155B5FCE53B15602313 /* GBSectionHeader.swift in Sources */ = {isa = PBXBuildFile; fileRef = 30766CF8C2332F9E648E275A /* GBSectionHeader.swift */; };
		ACB64A9DB10FCF88E3BFFC1F /* CaptureRootView.swift in Sources */ = {isa = PBXBuildFile; fileRef = E6FD76D3718D3AC479FF0985 /* CaptureRootView.swift */; };
		ADBA27254FB49C8AC53B58C6 /* GBButtonStyle.swift in Sources */ = {isa = PBXBuildFile; fileRef = C0C0CC899F030C472E7720F0 /* GBButtonStyle.swift */; };
		B2BA40CEB6D4E94F1608CA71 /* ContentModels.swift in Sources */ = {isa = PBXBuildFile; fileRef = 842D0166597E3756A21D8739 /* ContentModels.swift */; };
		B8D344B8DE9447BA85DF20D4 /* ChronicleBookView.swift in Sources */ = {isa = PBXBuildFile; fileRef = C2A22615A77AECE2536BA1E9 /* ChronicleBookView.swift */; };
		C3C8E7616436D7F22238B09C /* AppleMapsPlaceHandoff.swift in Sources */ = {isa = PBXBuildFile; fileRef = 1B22271B3C207E5ECD2AD241 /* AppleMapsPlaceHandoff.swift */; };
		C59E6685BB680CF41B71A059 /* GBChildSafeAIPlan.swift in Sources */ = {isa = PBXBuildFile; fileRef = 2855D2317D822D5995E534DE /* GBChildSafeAIPlan.swift */; };
		CD55EED6E4B1DFC5B1F20BCD /* ParentProgressView.swift in Sources */ = {isa = PBXBuildFile; fileRef = FF974097779D0836FBDE59DD /* ParentProgressView.swift */; };
		CE9E2F14877988A61A031337 /* GBChronicleCard.swift in Sources */ = {isa = PBXBuildFile; fileRef = 0244C418BCB073D7CD511F45 /* GBChronicleCard.swift */; };
		CF5BE7783A5885A44F0DF9D5 /* GBRecallPrompt.swift in Sources */ = {isa = PBXBuildFile; fileRef = 7E79CCE23974B1F749235073 /* GBRecallPrompt.swift */; };
		DA179384FDADDB751B69ED44 /* ALPHA_README.md in Resources */ = {isa = PBXBuildFile; fileRef = AE4ACA8DD1F96BF699DB84C3 /* ALPHA_README.md */; };
		DBA6A92348B871BDD6F726A1 /* LearnQuizHomeView.swift in Sources */ = {isa = PBXBuildFile; fileRef = E795D04E3E7952F19DB2D559 /* LearnQuizHomeView.swift */; };
		DF919F38C0D6D11586812C90 /* GBBadge.swift in Sources */ = {isa = PBXBuildFile; fileRef = 596CBD0FA93B029F56E14FDF /* GBBadge.swift */; };
		E192EA45F4DF6C39007360F9 /* GreatsOfBharathaTests.swift in Sources */ = {isa = PBXBuildFile; fileRef = 85B8DF1FEE4414FC115FD0F1 /* GreatsOfBharathaTests.swift */; };
		E349019EB5DCB1F8BDA9E0E0 /* GBQuestProgress.swift in Sources */ = {isa = PBXBuildFile; fileRef = F649333F6BBA2EEBE56A1E2E /* GBQuestProgress.swift */; };
		EC46491021CBEFACB6398346 /* SceneLessonView.swift in Sources */ = {isa = PBXBuildFile; fileRef = 0C84A1BE87F4CAA5D6281AD6 /* SceneLessonView.swift */; };
		EC86C80AAD4DC6283501CE97 /* PlacesHubView.swift in Sources */ = {isa = PBXBuildFile; fileRef = B437E2FBF7D8A3260B1C1DCC /* PlacesHubView.swift */; };
		EE2374F1DB13184A06C4BBCA /* AppModel.swift in Sources */ = {isa = PBXBuildFile; fileRef = 6413C33179A188AA0729938F /* AppModel.swift */; };
		F71FFA5AC6385137A61EFFE9 /* GBFortMapView.swift in Sources */ = {isa = PBXBuildFile; fileRef = 8E87053068FDF0CC0A7FAEC5 /* GBFortMapView.swift */; };
/* End PBXBuildFile section */

/* Begin PBXContainerItemProxy section */
		1B8E81FBEF4EDFBA191D91EF /* PBXContainerItemProxy */ = {
			isa = PBXContainerItemProxy;
			containerPortal = 4A262F71F3F0F07F3FD4F4D5 /* Project object */;
			proxyType = 1;
			remoteGlobalIDString = EEED15624C2241F4B6CD0477;
			remoteInfo = GreatsOfBharatha;
		};
/* End PBXContainerItemProxy section */

/* Begin PBXFileReference section */
		0048FE06EF01F9520955BAAD /* GBIcon.swift */ = {isa = PBXFileReference; lastKnownFileType = sourcecode.swift; path = GBIcon.swift; sourceTree = "<group>"; };
		0244C418BCB073D7CD511F45 /* GBChronicleCard.swift */ = {isa = PBXFileReference; lastKnownFileType = sourcecode.swift; path = GBChronicleCard.swift; sourceTree = "<group>"; };
		0C84A1BE87F4CAA5D6281AD6 /* SceneLessonView.swift */ = {isa = PBXFileReference; lastKnownFileType = sourcecode.swift; path = SceneLessonView.swift; sourceTree = "<group>"; };
		1B22271B3C207E5ECD2AD241 /* AppleMapsPlaceHandoff.swift */ = {isa = PBXFileReference; lastKnownFileType = sourcecode.swift; path = AppleMapsPlaceHandoff.swift; sourceTree = "<group>"; };
		1D930EAD368CC7853B35494A /* DebugNavigationRoute.swift */ = {isa = PBXFileReference; lastKnownFileType = sourcecode.swift; path = DebugNavigationRoute.swift; sourceTree = "<group>"; };
		2855D2317D822D5995E534DE /* GBChildSafeAIPlan.swift */ = {isa = PBXFileReference; lastKnownFileType = sourcecode.swift; path = GBChildSafeAIPlan.swift; sourceTree = "<group>"; };
		2A7FCD376566BEDC5C726FF4 /* LearnQuizComponents.swift */ = {isa = PBXFileReference; lastKnownFileType = sourcecode.swift; path = LearnQuizComponents.swift; sourceTree = "<group>"; };
		2E1F22519D406A575588CE02 /* GBLayoutContext.swift */ = {isa = PBXFileReference; lastKnownFileType = sourcecode.swift; path = GBLayoutContext.swift; sourceTree = "<group>"; };
		2E960C45C97D2EAE06A7FBBB /* LearningEnginesTests.swift */ = {isa = PBXFileReference; lastKnownFileType = sourcecode.swift; path = LearningEnginesTests.swift; sourceTree = "<group>"; };
		30766CF8C2332F9E648E275A /* GBSectionHeader.swift */ = {isa = PBXFileReference; lastKnownFileType = sourcecode.swift; path = GBSectionHeader.swift; sourceTree = "<group>"; };
		35DD7C78E273FA67916C2743 /* GBHeroCard.swift */ = {isa = PBXFileReference; lastKnownFileType = sourcecode.swift; path = GBHeroCard.swift; sourceTree = "<group>"; };
		38AE753749107F40681898D3 /* GreatsOfBharathaTests.xctest */ = {isa = PBXFileReference; includeInIndex = 0; lastKnownFileType = wrapper.cfbundle; path = GreatsOfBharathaTests.xctest; sourceTree = BUILT_PRODUCTS_DIR; };
		390AE8B48E7C52C376816E87 /* LearningEngines.swift */ = {isa = PBXFileReference; lastKnownFileType = sourcecode.swift; path = LearningEngines.swift; sourceTree = "<group>"; };
		3F908003C182E0D3D3047941 /* LearnQuizPilotData.swift */ = {isa = PBXFileReference; lastKnownFileType = sourcecode.swift; path = LearnQuizPilotData.swift; sourceTree = "<group>"; };
		40039999B2C8D4999FB8C254 /* LessonFeedback.swift */ = {isa = PBXFileReference; lastKnownFileType = sourcecode.swift; path = LessonFeedback.swift; sourceTree = "<group>"; };
		49EFCDA681F7AB90C2EDC1C6 /* FlashcardReviewView.swift */ = {isa = PBXFileReference; lastKnownFileType = sourcecode.swift; path = FlashcardReviewView.swift; sourceTree = "<group>"; };
		596CBD0FA93B029F56E14FDF /* GBBadge.swift */ = {isa = PBXFileReference; lastKnownFileType = sourcecode.swift; path = GBBadge.swift; sourceTree = "<group>"; };
		5A6043F267C6727A816F8CE8 /* GBSpacing.swift */ = {isa = PBXFileReference; lastKnownFileType = sourcecode.swift; path = GBSpacing.swift; sourceTree = "<group>"; };
		5B68FFD09AD399FAE5A7DA5F /* ChronicleView.swift */ = {isa = PBXFileReference; lastKnownFileType = sourcecode.swift; path = ChronicleView.swift; sourceTree = "<group>"; };
		6413C33179A188AA0729938F /* AppModel.swift */ = {isa = PBXFileReference; lastKnownFileType = sourcecode.swift; path = AppModel.swift; sourceTree = "<group>"; };
		70E8E42D945004543238A06E /* TimelineHubView.swift */ = {isa = PBXFileReference; lastKnownFileType = sourcecode.swift; path = TimelineHubView.swift; sourceTree = "<group>"; };
		71BEDED465CA437D09ADDCD5 /* SampleContent.swift */ = {isa = PBXFileReference; lastKnownFileType = sourcecode.swift; path = SampleContent.swift; sourceTree = "<group>"; };
		7E79CCE23974B1F749235073 /* GBRecallPrompt.swift */ = {isa = PBXFileReference; lastKnownFileType = sourcecode.swift; path = GBRecallPrompt.swift; sourceTree = "<group>"; };
		842D0166597E3756A21D8739 /* ContentModels.swift */ = {isa = PBXFileReference; lastKnownFileType = sourcecode.swift; path = ContentModels.swift; sourceTree = "<group>"; };
		85B8DF1FEE4414FC115FD0F1 /* GreatsOfBharathaTests.swift */ = {isa = PBXFileReference; lastKnownFileType = sourcecode.swift; path = GreatsOfBharathaTests.swift; sourceTree = "<group>"; };
		8609E7F8AFD990A81250F928 /* GBCardStyle.swift */ = {isa = PBXFileReference; lastKnownFileType = sourcecode.swift; path = GBCardStyle.swift; sourceTree = "<group>"; };
		8664679DB91BD8C821702F4F /* GBFlashCard.swift */ = {isa = PBXFileReference; lastKnownFileType = sourcecode.swift; path = GBFlashCard.swift; sourceTree = "<group>"; };
		874E1F2468B251B5784486DE /* GBRadius.swift */ = {isa = PBXFileReference; lastKnownFileType = sourcecode.swift; path = GBRadius.swift; sourceTree = "<group>"; };
		891FE8601621FF7A7BDE9AC6 /* GBShadow.swift */ = {isa = PBXFileReference; lastKnownFileType = sourcecode.swift; path = GBShadow.swift; sourceTree = "<group>"; };
		8A94778E49C1F68D8BA267FB /* GreatsOfBharatha.app */ = {isa = PBXFileReference; includeInIndex = 0; lastKnownFileType = wrapper.application; path = GreatsOfBharatha.app; sourceTree = BUILT_PRODUCTS_DIR; };
		8E87053068FDF0CC0A7FAEC5 /* GBFortMapView.swift */ = {isa = PBXFileReference; lastKnownFileType = sourcecode.swift; path = GBFortMapView.swift; sourceTree = "<group>"; };
		901C5A02CDD2D6DA5162F535 /* MasteryState.swift */ = {isa = PBXFileReference; lastKnownFileType = sourcecode.swift; path = MasteryState.swift; sourceTree = "<group>"; };
		96600FFDF84328236B5EFACF /* GBColor.swift */ = {isa = PBXFileReference; lastKnownFileType = sourcecode.swift; path = GBColor.swift; sourceTree = "<group>"; };
		AAAB7F46ABBA5FCDA7A016BB /* SceneLearnView.swift */ = {isa = PBXFileReference; lastKnownFileType = sourcecode.swift; path = SceneLearnView.swift; sourceTree = "<group>"; };
		AB428856E6E0B33ECEAA8E36 /* LessonHomeView.swift */ = {isa = PBXFileReference; lastKnownFileType = sourcecode.swift; path = LessonHomeView.swift; sourceTree = "<group>"; };
		AC6CE8B3071CC2D92499A35E /* ChronicleQuizView.swift */ = {isa = PBXFileReference; lastKnownFileType = sourcecode.swift; path = ChronicleQuizView.swift; sourceTree = "<group>"; };
		AE4ACA8DD1F96BF699DB84C3 /* ALPHA_README.md */ = {isa = PBXFileReference; lastKnownFileType = net.daringfireball.markdown; path = ALPHA_README.md; sourceTree = "<group>"; };
		AF8E819340759100DB074CD4 /* README_BOOTSTRAP.md */ = {isa = PBXFileReference; lastKnownFileType = net.daringfireball.markdown; path = README_BOOTSTRAP.md; sourceTree = "<group>"; };
		B437E2FBF7D8A3260B1C1DCC /* PlacesHubView.swift */ = {isa = PBXFileReference; lastKnownFileType = sourcecode.swift; path = PlacesHubView.swift; sourceTree = "<group>"; };
		B510B04B44F609399601600C /* GBMotion.swift */ = {isa = PBXFileReference; lastKnownFileType = sourcecode.swift; path = GBMotion.swift; sourceTree = "<group>"; };
		B69947B828E9DD4B794FBE0A /* HeroArcModels.swift */ = {isa = PBXFileReference; lastKnownFileType = sourcecode.swift; path = HeroArcModels.swift; sourceTree = "<group>"; };
		BAABCCD639D0C3267861E9A8 /* ShivajiLessonStore.swift */ = {isa = PBXFileReference; lastKnownFileType = sourcecode.swift; path = ShivajiLessonStore.swift; sourceTree = "<group>"; };
		BD34478F7C8BC5F5EE50AD37 /* GBSurface.swift */ = {isa = PBXFileReference; lastKnownFileType = sourcecode.swift; path = GBSurface.swift; sourceTree = "<group>"; };
		C0C0CC899F030C472E7720F0 /* GBButtonStyle.swift */ = {isa = PBXFileReference; lastKnownFileType = sourcecode.swift; path = GBButtonStyle.swift; sourceTree = "<group>"; };
		C2A22615A77AECE2536BA1E9 /* ChronicleBookView.swift */ = {isa = PBXFileReference; lastKnownFileType = sourcecode.swift; path = ChronicleBookView.swift; sourceTree = "<group>"; };
		C3010C8E169172E6B28BBA75 /* ShivajiLessonModels.swift */ = {isa = PBXFileReference; lastKnownFileType = sourcecode.swift; path = ShivajiLessonModels.swift; sourceTree = "<group>"; };
		C552711CAEFFD3AB955E26E7 /* GBIntelligenceHint.swift */ = {isa = PBXFileReference; lastKnownFileType = sourcecode.swift; path = GBIntelligenceHint.swift; sourceTree = "<group>"; };
		CCE07361DC3C1D6D864BB326 /* GBNLRecallEvaluator.swift */ = {isa = PBXFileReference; lastKnownFileType = sourcecode.swift; path = GBNLRecallEvaluator.swift; sourceTree = "<group>"; };
		CD5C939A7D069E35B849A5A8 /* Assets.xcassets */ = {isa = PBXFileReference; lastKnownFileType = folder.assetcatalog; path = Assets.xcassets; sourceTree = "<group>"; };
		CE540544C5E9622DB91B7EF8 /* ContentView.swift */ = {isa = PBXFileReference; lastKnownFileType = sourcecode.swift; path = ContentView.swift; sourceTree = "<group>"; };
		CED5BF1DBC7EBB77DB2514A7 /* GreatsOfBharathaApp.swift */ = {isa = PBXFileReference; lastKnownFileType = sourcecode.swift; path = GreatsOfBharathaApp.swift; sourceTree = "<group>"; };
		DB52F4EF3B015973D3C6D088 /* GBSceneCard.swift */ = {isa = PBXFileReference; lastKnownFileType = sourcecode.swift; path = GBSceneCard.swift; sourceTree = "<group>"; };
		DDA3B33CD2FFC1A53263C40A /* StoryHomeView.swift */ = {isa = PBXFileReference; lastKnownFileType = sourcecode.swift; path = StoryHomeView.swift; sourceTree = "<group>"; };
		E6FD76D3718D3AC479FF0985 /* CaptureRootView.swift */ = {isa = PBXFileReference; lastKnownFileType = sourcecode.swift; path = CaptureRootView.swift; sourceTree = "<group>"; };
		E795D04E3E7952F19DB2D559 /* LearnQuizHomeView.swift */ = {isa = PBXFileReference; lastKnownFileType = sourcecode.swift; path = LearnQuizHomeView.swift; sourceTree = "<group>"; };
		F649333F6BBA2EEBE56A1E2E /* GBQuestProgress.swift */ = {isa = PBXFileReference; lastKnownFileType = sourcecode.swift; path = GBQuestProgress.swift; sourceTree = "<group>"; };
		F7731536CB354B63B77E73A4 /* ChronicleMatchView.swift */ = {isa = PBXFileReference; lastKnownFileType = sourcecode.swift; path = ChronicleMatchView.swift; sourceTree = "<group>"; };
		FA553A6C52FF405536FB4B58 /* GBTypography.swift */ = {isa = PBXFileReference; lastKnownFileType = sourcecode.swift; path = GBTypography.swift; sourceTree = "<group>"; };
		FF974097779D0836FBDE59DD /* ParentProgressView.swift */ = {isa = PBXFileReference; lastKnownFileType = sourcecode.swift; path = ParentProgressView.swift; sourceTree = "<group>"; };
/* End PBXFileReference section */

/* Begin PBXGroup section */
		0570398737C6B4A9BAA4000C /* Models */ = {
			isa = PBXGroup;
			children = (
				1B22271B3C207E5ECD2AD241 /* AppleMapsPlaceHandoff.swift */,
				6413C33179A188AA0729938F /* AppModel.swift */,
				842D0166597E3756A21D8739 /* ContentModels.swift */,
				B69947B828E9DD4B794FBE0A /* HeroArcModels.swift */,
				390AE8B48E7C52C376816E87 /* LearningEngines.swift */,
				901C5A02CDD2D6DA5162F535 /* MasteryState.swift */,
				71BEDED465CA437D09ADDCD5 /* SampleContent.swift */,
				C3010C8E169172E6B28BBA75 /* ShivajiLessonModels.swift */,
				BAABCCD639D0C3267861E9A8 /* ShivajiLessonStore.swift */,
			);
			path = Models;
			sourceTree = "<group>";
		};
		291D0A188BF00AB65634B378 /* Chronicle */ = {
			isa = PBXGroup;
			children = (
				5B68FFD09AD399FAE5A7DA5F /* ChronicleView.swift */,
			);
			path = Chronicle;
			sourceTree = "<group>";
		};
		29C18B9AA5DE074DEE2233A4 /* GreatsOfBharathaTests */ = {
			isa = PBXGroup;
			children = (
				85B8DF1FEE4414FC115FD0F1 /* GreatsOfBharathaTests.swift */,
				2E960C45C97D2EAE06A7FBBB /* LearningEnginesTests.swift */,
			);
			path = GreatsOfBharathaTests;
			sourceTree = "<group>";
		};
		2B815EEDA4B37E821315ED95 /* DesignSystem */ = {
			isa = PBXGroup;
			children = (
				CC811EBD28EF5BFF4FBF2F1D /* Components */,
				6316ABC4AC5FF73B8BB04D46 /* Foundation */,
				391F456532E45C09722A3581 /* Tokens */,
			);
			path = DesignSystem;
			sourceTree = "<group>";
		};
		2CAF176D76684F7BB625884A /* Lesson */ = {
			isa = PBXGroup;
			children = (
				AB428856E6E0B33ECEAA8E36 /* LessonHomeView.swift */,
				0C84A1BE87F4CAA5D6281AD6 /* SceneLessonView.swift */,
				DDA3B33CD2FFC1A53263C40A /* StoryHomeView.swift */,
			);
			path = Lesson;
			sourceTree = "<group>";
		};
		391F456532E45C09722A3581 /* Tokens */ = {
			isa = PBXGroup;
			children = (
				96600FFDF84328236B5EFACF /* GBColor.swift */,
				0048FE06EF01F9520955BAAD /* GBIcon.swift */,
				B510B04B44F609399601600C /* GBMotion.swift */,
				874E1F2468B251B5784486DE /* GBRadius.swift */,
				5A6043F267C6727A816F8CE8 /* GBSpacing.swift */,
				FA553A6C52FF405536FB4B58 /* GBTypography.swift */,
			);
			path = Tokens;
			sourceTree = "<group>";
		};
		3A65D9642E8CD13DC7428704 /* Resources */ = {
			isa = PBXGroup;
			children = (
				CD5C939A7D069E35B849A5A8 /* Assets.xcassets */,
			);
			path = Resources;
			sourceTree = "<group>";
		};
		4883D0626FEE9C29B53D471D /* Features */ = {
			isa = PBXGroup;
			children = (
				291D0A188BF00AB65634B378 /* Chronicle */,
				5C178F2679E0F6818E5B55CA /* LearnQuiz */,
				2CAF176D76684F7BB625884A /* Lesson */,
				B8EE4101C55EA21501F66716 /* Map */,
				D7A23AC84F04ED8249356C10 /* Parent */,
				49F8AD61BC767BD593F8FBD3 /* Timeline */,
			);
			path = Features;
			sourceTree = "<group>";
		};
		49F8AD61BC767BD593F8FBD3 /* Timeline */ = {
			isa = PBXGroup;
			children = (
				70E8E42D945004543238A06E /* TimelineHubView.swift */,
			);
			path = Timeline;
			sourceTree = "<group>";
		};
		57AE668B589447AA164CAEE2 /* Shared */ = {
			isa = PBXGroup;
			children = (
				0570398737C6B4A9BAA4000C /* Models */,
				74DD589F8E91F14A920C59F9 /* Theme */,
			);
			path = Shared;
			sourceTree = "<group>";
		};
		5C178F2679E0F6818E5B55CA /* LearnQuiz */ = {
			isa = PBXGroup;
			children = (
				C2A22615A77AECE2536BA1E9 /* ChronicleBookView.swift */,
				F7731536CB354B63B77E73A4 /* ChronicleMatchView.swift */,
				AC6CE8B3071CC2D92499A35E /* ChronicleQuizView.swift */,
				49EFCDA681F7AB90C2EDC1C6 /* FlashcardReviewView.swift */,
				2A7FCD376566BEDC5C726FF4 /* LearnQuizComponents.swift */,
				E795D04E3E7952F19DB2D559 /* LearnQuizHomeView.swift */,
				3F908003C182E0D3D3047941 /* LearnQuizPilotData.swift */,
				AAAB7F46ABBA5FCDA7A016BB /* SceneLearnView.swift */,
			);
			path = LearnQuiz;
			sourceTree = "<group>";
		};
		6316ABC4AC5FF73B8BB04D46 /* Foundation */ = {
			isa = PBXGroup;
			children = (
				596CBD0FA93B029F56E14FDF /* GBBadge.swift */,
				C0C0CC899F030C472E7720F0 /* GBButtonStyle.swift */,
				8609E7F8AFD990A81250F928 /* GBCardStyle.swift */,
				2E1F22519D406A575588CE02 /* GBLayoutContext.swift */,
				891FE8601621FF7A7BDE9AC6 /* GBShadow.swift */,
				BD34478F7C8BC5F5EE50AD37 /* GBSurface.swift */,
			);
			path = Foundation;
			sourceTree = "<group>";
		};
		74DD589F8E91F14A920C59F9 /* Theme */ = {
			isa = PBXGroup;
			children = (
				40039999B2C8D4999FB8C254 /* LessonFeedback.swift */,
			);
			path = Theme;
			sourceTree = "<group>";
		};
		AB76524BEC0A35CC9D332AFD = {
			isa = PBXGroup;
			children = (
				EBB69AAB1E89F302C4DD2B65 /* GreatsOfBharatha */,
				29C18B9AA5DE074DEE2233A4 /* GreatsOfBharathaTests */,
				C38600D9652E838D51F7049E /* Products */,
			);
			sourceTree = "<group>";
		};
		B103BD6B19B2767D7BF88F0A /* App */ = {
			isa = PBXGroup;
			children = (
				E6FD76D3718D3AC479FF0985 /* CaptureRootView.swift */,
				CE540544C5E9622DB91B7EF8 /* ContentView.swift */,
				1D930EAD368CC7853B35494A /* DebugNavigationRoute.swift */,
				CED5BF1DBC7EBB77DB2514A7 /* GreatsOfBharathaApp.swift */,
			);
			path = App;
			sourceTree = "<group>";
		};
		B8EE4101C55EA21501F66716 /* Map */ = {
			isa = PBXGroup;
			children = (
				8E87053068FDF0CC0A7FAEC5 /* GBFortMapView.swift */,
				B437E2FBF7D8A3260B1C1DCC /* PlacesHubView.swift */,
			);
			path = Map;
			sourceTree = "<group>";
		};
		C38600D9652E838D51F7049E /* Products */ = {
			isa = PBXGroup;
			children = (
				8A94778E49C1F68D8BA267FB /* GreatsOfBharatha.app */,
				38AE753749107F40681898D3 /* GreatsOfBharathaTests.xctest */,
			);
			name = Products;
			sourceTree = "<group>";
		};
		CC811EBD28EF5BFF4FBF2F1D /* Components */ = {
			isa = PBXGroup;
			children = (
				0244C418BCB073D7CD511F45 /* GBChronicleCard.swift */,
				8664679DB91BD8C821702F4F /* GBFlashCard.swift */,
				35DD7C78E273FA67916C2743 /* GBHeroCard.swift */,
				F649333F6BBA2EEBE56A1E2E /* GBQuestProgress.swift */,
				7E79CCE23974B1F749235073 /* GBRecallPrompt.swift */,
				DB52F4EF3B015973D3C6D088 /* GBSceneCard.swift */,
				30766CF8C2332F9E648E275A /* GBSectionHeader.swift */,
			);
			path = Components;
			sourceTree = "<group>";
		};
		D1CA5C958078395C8E7ADE1B /* Intelligence */ = {
			isa = PBXGroup;
			children = (
				2855D2317D822D5995E534DE /* GBChildSafeAIPlan.swift */,
				C552711CAEFFD3AB955E26E7 /* GBIntelligenceHint.swift */,
				CCE07361DC3C1D6D864BB326 /* GBNLRecallEvaluator.swift */,
			);
			path = Intelligence;
			sourceTree = "<group>";
		};
		D7A23AC84F04ED8249356C10 /* Parent */ = {
			isa = PBXGroup;
			children = (
				FF974097779D0836FBDE59DD /* ParentProgressView.swift */,
			);
			path = Parent;
			sourceTree = "<group>";
		};
		EBB69AAB1E89F302C4DD2B65 /* GreatsOfBharatha */ = {
			isa = PBXGroup;
			children = (
				AE4ACA8DD1F96BF699DB84C3 /* ALPHA_README.md */,
				AF8E819340759100DB074CD4 /* README_BOOTSTRAP.md */,
				B103BD6B19B2767D7BF88F0A /* App */,
				2B815EEDA4B37E821315ED95 /* DesignSystem */,
				4883D0626FEE9C29B53D471D /* Features */,
				D1CA5C958078395C8E7ADE1B /* Intelligence */,
				3A65D9642E8CD13DC7428704 /* Resources */,
				57AE668B589447AA164CAEE2 /* Shared */,
			);
			path = GreatsOfBharatha;
			sourceTree = "<group>";
		};
/* End PBXGroup section */

/* Begin PBXNativeTarget section */
		BF73B710E3B0072602FD8B4A /* GreatsOfBharathaTests */ = {
			isa = PBXNativeTarget;
			buildConfigurationList = 38045A41A54DB3EEEEBB5A32 /* Build configuration list for PBXNativeTarget "GreatsOfBharathaTests" */;
			buildPhases = (
				34B6B8D62B58E67D977A8894 /* Sources */,
			);
			buildRules = (
			);
			dependencies = (
				9AC98C2115D20D2C2A79F0DD /* PBXTargetDependency */,
			);
			name = GreatsOfBharathaTests;
			packageProductDependencies = (
			);
			productName = GreatsOfBharathaTests;
			productReference = 38AE753749107F40681898D3 /* GreatsOfBharathaTests.xctest */;
			productType = "com.apple.product-type.bundle.unit-test";
		};
		EEED15624C2241F4B6CD0477 /* GreatsOfBharatha */ = {
			isa = PBXNativeTarget;
			buildConfigurationList = C44C21608E4054D77ED127F3 /* Build configuration list for PBXNativeTarget "GreatsOfBharatha" */;
			buildPhases = (
				089D6F967F33DCD3969726C4 /* Sources */,
				4F58FFEA003DD45C7E0AA34C /* Resources */,
			);
			buildRules = (
			);
			dependencies = (
			);
			name = GreatsOfBharatha;
			packageProductDependencies = (
			);
			productName = GreatsOfBharatha;
			productReference = 8A94778E49C1F68D8BA267FB /* GreatsOfBharatha.app */;
			productType = "com.apple.product-type.application";
		};
/* End PBXNativeTarget section */

/* Begin PBXProject section */
		4A262F71F3F0F07F3FD4F4D5 /* Project object */ = {
			isa = PBXProject;
			attributes = {
				BuildIndependentTargetsInParallel = YES;
				LastUpgradeCheck = 1430;
				TargetAttributes = {
					BF73B710E3B0072602FD8B4A = {
						DevelopmentTeam = J3387FUR8X;
						ProvisioningStyle = Automatic;
					};
					EEED15624C2241F4B6CD0477 = {
						DevelopmentTeam = J3387FUR8X;
						ProvisioningStyle = Automatic;
					};
				};
			};
			buildConfigurationList = 452A9856857D7E37DC084E72 /* Build configuration list for PBXProject "GreatsOfBharatha" */;
			developmentRegion = en;
			hasScannedForEncodings = 0;
			knownRegions = (
				Base,
				en,
			);
			mainGroup = AB76524BEC0A35CC9D332AFD;
			minimizedProjectReferenceProxies = 1;
			preferredProjectObjectVersion = 77;
			productRefGroup = C38600D9652E838D51F7049E /* Products */;
			projectDirPath = "";
			projectRoot = "";
			targets = (
				EEED15624C2241F4B6CD0477 /* GreatsOfBharatha */,
				BF73B710E3B0072602FD8B4A /* GreatsOfBharathaTests */,
			);
		};
/* End PBXProject section */

/* Begin PBXResourcesBuildPhase section */
		4F58FFEA003DD45C7E0AA34C /* Resources */ = {
			isa = PBXResourcesBuildPhase;
			buildActionMask = 2147483647;
			files = (
				DA179384FDADDB751B69ED44 /* ALPHA_README.md in Resources */,
				38181663217C8A05A26880D2 /* Assets.xcassets in Resources */,
				86E2FF6E624F8374636950E5 /* README_BOOTSTRAP.md in Resources */,
			);
			runOnlyForDeploymentPostprocessing = 0;
		};
/* End PBXResourcesBuildPhase section */

/* Begin PBXSourcesBuildPhase section */
		089D6F967F33DCD3969726C4 /* Sources */ = {
			isa = PBXSourcesBuildPhase;
			buildActionMask = 2147483647;
			files = (
				EE2374F1DB13184A06C4BBCA /* AppModel.swift in Sources */,
				C3C8E7616436D7F22238B09C /* AppleMapsPlaceHandoff.swift in Sources */,
				ACB64A9DB10FCF88E3BFFC1F /* CaptureRootView.swift in Sources */,
				B8D344B8DE9447BA85DF20D4 /* ChronicleBookView.swift in Sources */,
				88F9E6C20BBFA38264D4077B /* ChronicleMatchView.swift in Sources */,
				62EF82978E25896FA52FEAA8 /* ChronicleQuizView.swift in Sources */,
				A7BA06A197B5E5166A0F7BB6 /* ChronicleView.swift in Sources */,
				B2BA40CEB6D4E94F1608CA71 /* ContentModels.swift in Sources */,
				229E49C4CD4DEAEF962F1BA4 /* ContentView.swift in Sources */,
				0C3412C4E22C4B63092DB4BE /* DebugNavigationRoute.swift in Sources */,
				5222F1E15033526746FC9EBC /* FlashcardReviewView.swift in Sources */,
				DF919F38C0D6D11586812C90 /* GBBadge.swift in Sources */,
				ADBA27254FB49C8AC53B58C6 /* GBButtonStyle.swift in Sources */,
				89E3FE1D90324B34D697C540 /* GBCardStyle.swift in Sources */,
				C59E6685BB680CF41B71A059 /* GBChildSafeAIPlan.swift in Sources */,
				CE9E2F14877988A61A031337 /* GBChronicleCard.swift in Sources */,
				8B7734948D0D0BE63E8E43B9 /* GBColor.swift in Sources */,
				8B6F5ED2AC090236774D73A1 /* GBFlashCard.swift in Sources */,
				F71FFA5AC6385137A61EFFE9 /* GBFortMapView.swift in Sources */,
				96869AB017E4A3EBBE1DD23C /* GBHeroCard.swift in Sources */,
				5219DF64A6BC873CBD28A985 /* GBIcon.swift in Sources */,
				A6FDD95326F16B0BFD391AAB /* GBIntelligenceHint.swift in Sources */,
				00F7762E6675FFA1591CB270 /* GBLayoutContext.swift in Sources */,
				3D46D432D0A11FA9E2F27BD9 /* GBMotion.swift in Sources */,
				4C3F8F976E0CB196A3AEB41B /* GBNLRecallEvaluator.swift in Sources */,
				E349019EB5DCB1F8BDA9E0E0 /* GBQuestProgress.swift in Sources */,
				47729BBB9C78BD293A31A6BD /* GBRadius.swift in Sources */,
				CF5BE7783A5885A44F0DF9D5 /* GBRecallPrompt.swift in Sources */,
				59DDE6A3CB3C27E2595A3085 /* GBSceneCard.swift in Sources */,
				AB57B155B5FCE53B15602313 /* GBSectionHeader.swift in Sources */,
				5BD4A172E915378D3A9CC856 /* GBShadow.swift in Sources */,
				07FB948684566346F8B09A98 /* GBSpacing.swift in Sources */,
				2ABB675D9B13E6BC94627094 /* GBSurface.swift in Sources */,
				57A372CC37EE9EDD83A56710 /* GBTypography.swift in Sources */,
				3CE894040C86BE6F34F93C13 /* GreatsOfBharathaApp.swift in Sources */,
				3C4FB3ADBB894FDAC9244FBA /* HeroArcModels.swift in Sources */,
				211E19D2035927C41FB3C2E9 /* LearnQuizComponents.swift in Sources */,
				DBA6A92348B871BDD6F726A1 /* LearnQuizHomeView.swift in Sources */,
				28F96E8FA507F0D5650F8C95 /* LearnQuizPilotData.swift in Sources */,
				5D281628DB3CC42AD77F0D7A /* LearningEngines.swift in Sources */,
				98B47696937C9BCD2D0E9235 /* LessonFeedback.swift in Sources */,
				22C3E261CDC547E64D125909 /* LessonHomeView.swift in Sources */,
				073C82A44999663DE9B72A3D /* MasteryState.swift in Sources */,
				CD55EED6E4B1DFC5B1F20BCD /* ParentProgressView.swift in Sources */,
				EC86C80AAD4DC6283501CE97 /* PlacesHubView.swift in Sources */,
				32E281A86CD24DEF8DBD980E /* SampleContent.swift in Sources */,
				5C9B9B95F0A16A53E02C8B38 /* SceneLearnView.swift in Sources */,
				EC46491021CBEFACB6398346 /* SceneLessonView.swift in Sources */,
				6DD86E4197280065B8F2187B /* ShivajiLessonModels.swift in Sources */,
				06EF311D881705EB5C28A94B /* ShivajiLessonStore.swift in Sources */,
				16E40D4D9552B57A027D9FF5 /* StoryHomeView.swift in Sources */,
				608CCC7416A6F35837C15A04 /* TimelineHubView.swift in Sources */,
			);
			runOnlyForDeploymentPostprocessing = 0;
		};
		34B6B8D62B58E67D977A8894 /* Sources */ = {
			isa = PBXSourcesBuildPhase;
			buildActionMask = 2147483647;
			files = (
				E192EA45F4DF6C39007360F9 /* GreatsOfBharathaTests.swift in Sources */,
				1D46FB6ECD9C7608AF1C984E /* LearningEnginesTests.swift in Sources */,
			);
			runOnlyForDeploymentPostprocessing = 0;
		};
/* End PBXSourcesBuildPhase section */

/* Begin PBXTargetDependency section */
		9AC98C2115D20D2C2A79F0DD /* PBXTargetDependency */ = {
			isa = PBXTargetDependency;
			target = EEED15624C2241F4B6CD0477 /* GreatsOfBharatha */;
			targetProxy = 1B8E81FBEF4EDFBA191D91EF /* PBXContainerItemProxy */;
		};
/* End PBXTargetDependency section */

/* Begin XCBuildConfiguration section */
		0A6D3554A070EEDF6B1BD7CC /* Release */ = {
			isa = XCBuildConfiguration;
			buildSettings = {
				BUNDLE_LOADER = "$(TEST_HOST)";
				GENERATE_INFOPLIST_FILE = YES;
				LD_RUNPATH_SEARCH_PATHS = (
					"$(inherited)",
					"@executable_path/Frameworks",
					"@loader_path/Frameworks",
				);
				PRODUCT_BUNDLE_IDENTIFIER = com.ganesh47.greatsofbharatha.tests;
				PRODUCT_MODULE_NAME = GreatsOfBharathaTests;
				PRODUCT_NAME = GreatsOfBharathaTests;
				SDKROOT = iphoneos;
				TARGETED_DEVICE_FAMILY = "1,2";
				TEST_HOST = "$(BUILT_PRODUCTS_DIR)/Greats Of Bharatha.app/Greats Of Bharatha";
			};
			name = Release;
		};
		16FAE0FC0AED394000D72DA9 /* Release */ = {
			isa = XCBuildConfiguration;
			buildSettings = {
				ALWAYS_SEARCH_USER_PATHS = NO;
				CLANG_ANALYZER_NONNULL = YES;
				CLANG_ANALYZER_NUMBER_OBJECT_CONVERSION = YES_AGGRESSIVE;
				CLANG_CXX_LANGUAGE_STANDARD = "gnu++14";
				CLANG_CXX_LIBRARY = "libc++";
				CLANG_ENABLE_MODULES = YES;
				CLANG_ENABLE_OBJC_ARC = YES;
				CLANG_ENABLE_OBJC_WEAK = YES;
				CLANG_WARN_BLOCK_CAPTURE_AUTORELEASING = YES;
				CLANG_WARN_BOOL_CONVERSION = YES;
				CLANG_WARN_COMMA = YES;
				CLANG_WARN_CONSTANT_CONVERSION = YES;
				CLANG_WARN_DEPRECATED_OBJC_IMPLEMENTATIONS = YES;
				CLANG_WARN_DIRECT_OBJC_ISA_USAGE = YES_ERROR;
				CLANG_WARN_DOCUMENTATION_COMMENTS = YES;
				CLANG_WARN_EMPTY_BODY = YES;
				CLANG_WARN_ENUM_CONVERSION = YES;
				CLANG_WARN_INFINITE_RECURSION = YES;
				CLANG_WARN_INT_CONVERSION = YES;
				CLANG_WARN_NON_LITERAL_NULL_CONVERSION = YES;
				CLANG_WARN_OBJC_IMPLICIT_RETAIN_SELF = YES;
				CLANG_WARN_OBJC_LITERAL_CONVERSION = YES;
				CLANG_WARN_OBJC_ROOT_CLASS = YES_ERROR;
				CLANG_WARN_QUOTED_INCLUDE_IN_FRAMEWORK_HEADER = YES;
				CLANG_WARN_RANGE_LOOP_ANALYSIS = YES;
				CLANG_WARN_STRICT_PROTOTYPES = YES;
				CLANG_WARN_SUSPICIOUS_MOVE = YES;
				CLANG_WARN_UNGUARDED_AVAILABILITY = YES_AGGRESSIVE;
				CLANG_WARN_UNREACHABLE_CODE = YES;
				CLANG_WARN__DUPLICATE_METHOD_MATCH = YES;
				CODE_SIGN_STYLE = Automatic;
				COPY_PHASE_STRIP = NO;
				CURRENT_PROJECT_VERSION = 1;
				DEBUG_INFORMATION_FORMAT = "dwarf-with-dsym";
				DEVELOPMENT_TEAM = J3387FUR8X;
				ENABLE_NS_ASSERTIONS = NO;
				ENABLE_STRICT_OBJC_MSGSEND = YES;
				GCC_C_LANGUAGE_STANDARD = gnu11;
				GCC_NO_COMMON_BLOCKS = YES;
				GCC_WARN_64_TO_32_BIT_CONVERSION = YES;
				GCC_WARN_ABOUT_RETURN_TYPE = YES_ERROR;
				GCC_WARN_UNDECLARED_SELECTOR = YES;
				GCC_WARN_UNINITIALIZED_AUTOS = YES_AGGRESSIVE;
				GCC_WARN_UNUSED_FUNCTION = YES;
				GCC_WARN_UNUSED_VARIABLE = YES;
				GENERATE_INFOPLIST_FILE = YES;
				INFOPLIST_KEY_CFBundleIconName = AppIcon;
				INFOPLIST_KEY_UILaunchScreen_Generation = YES;
				INFOPLIST_KEY_UISupportedInterfaceOrientations_iPad = (
					UIInterfaceOrientationPortrait,
					UIInterfaceOrientationPortraitUpsideDown,
					UIInterfaceOrientationLandscapeLeft,
					UIInterfaceOrientationLandscapeRight,
				);
				INFOPLIST_KEY_UISupportedInterfaceOrientations_iPhone = (
					UIInterfaceOrientationPortrait,
					UIInterfaceOrientationLandscapeLeft,
					UIInterfaceOrientationLandscapeRight,
				);
				IPHONEOS_DEPLOYMENT_TARGET = 18.0;
				MARKETING_VERSION = "0.1.0-dev";
				MTL_ENABLE_DEBUG_INFO = NO;
				MTL_FAST_MATH = YES;
				PRODUCT_NAME = "Greats Of Bharatha";
				SDKROOT = iphoneos;
				SUPPORTS_MACCATALYST = NO;
				SWIFT_COMPILATION_MODE = wholemodule;
				SWIFT_OPTIMIZATION_LEVEL = "-O";
				SWIFT_VERSION = 6.0;
				TARGETED_DEVICE_FAMILY = "1,2";
			};
			name = Release;
		};
		3E8B000B8EEAB7587CC0553B /* Debug */ = {
			isa = XCBuildConfiguration;
			buildSettings = {
				ASSETCATALOG_COMPILER_APPICON_NAME = AppIcon;
				CODE_SIGN_IDENTITY = "iPhone Developer";
				INFOPLIST_KEY_CFBundleDisplayName = "Greats Of Bharatha";
				INFOPLIST_KEY_UIApplicationSceneManifest_Generation = YES;
				INFOPLIST_KEY_UIStatusBarStyle = UIStatusBarStyleDefault;
				LD_RUNPATH_SEARCH_PATHS = (
					"$(inherited)",
					"@executable_path/Frameworks",
				);
				PRODUCT_BUNDLE_IDENTIFIER = com.ganesh47.greatsofbharatha;
				PRODUCT_NAME = "Greats Of Bharatha";
				SDKROOT = iphoneos;
				TARGETED_DEVICE_FAMILY = "1,2";
			};
			name = Debug;
		};
		A73E592A07EF635FE1AEA2CE /* Debug */ = {
			isa = XCBuildConfiguration;
			buildSettings = {
				ALWAYS_SEARCH_USER_PATHS = NO;
				CLANG_ANALYZER_NONNULL = YES;
				CLANG_ANALYZER_NUMBER_OBJECT_CONVERSION = YES_AGGRESSIVE;
				CLANG_CXX_LANGUAGE_STANDARD = "gnu++14";
				CLANG_CXX_LIBRARY = "libc++";
				CLANG_ENABLE_MODULES = YES;
				CLANG_ENABLE_OBJC_ARC = YES;
				CLANG_ENABLE_OBJC_WEAK = YES;
				CLANG_WARN_BLOCK_CAPTURE_AUTORELEASING = YES;
				CLANG_WARN_BOOL_CONVERSION = YES;
				CLANG_WARN_COMMA = YES;
				CLANG_WARN_CONSTANT_CONVERSION = YES;
				CLANG_WARN_DEPRECATED_OBJC_IMPLEMENTATIONS = YES;
				CLANG_WARN_DIRECT_OBJC_ISA_USAGE = YES_ERROR;
				CLANG_WARN_DOCUMENTATION_COMMENTS = YES;
				CLANG_WARN_EMPTY_BODY = YES;
				CLANG_WARN_ENUM_CONVERSION = YES;
				CLANG_WARN_INFINITE_RECURSION = YES;
				CLANG_WARN_INT_CONVERSION = YES;
				CLANG_WARN_NON_LITERAL_NULL_CONVERSION = YES;
				CLANG_WARN_OBJC_IMPLICIT_RETAIN_SELF = YES;
				CLANG_WARN_OBJC_LITERAL_CONVERSION = YES;
				CLANG_WARN_OBJC_ROOT_CLASS = YES_ERROR;
				CLANG_WARN_QUOTED_INCLUDE_IN_FRAMEWORK_HEADER = YES;
				CLANG_WARN_RANGE_LOOP_ANALYSIS = YES;
				CLANG_WARN_STRICT_PROTOTYPES = YES;
				CLANG_WARN_SUSPICIOUS_MOVE = YES;
				CLANG_WARN_UNGUARDED_AVAILABILITY = YES_AGGRESSIVE;
				CLANG_WARN_UNREACHABLE_CODE = YES;
				CLANG_WARN__DUPLICATE_METHOD_MATCH = YES;
				CODE_SIGN_STYLE = Automatic;
				COPY_PHASE_STRIP = NO;
				CURRENT_PROJECT_VERSION = 1;
				DEBUG_INFORMATION_FORMAT = dwarf;
				DEVELOPMENT_TEAM = J3387FUR8X;
				ENABLE_STRICT_OBJC_MSGSEND = YES;
				ENABLE_TESTABILITY = YES;
				GCC_C_LANGUAGE_STANDARD = gnu11;
				GCC_DYNAMIC_NO_PIC = NO;
				GCC_NO_COMMON_BLOCKS = YES;
				GCC_OPTIMIZATION_LEVEL = 0;
				GCC_PREPROCESSOR_DEFINITIONS = (
					"$(inherited)",
					"DEBUG=1",
				);
				GCC_WARN_64_TO_32_BIT_CONVERSION = YES;
				GCC_WARN_ABOUT_RETURN_TYPE = YES_ERROR;
				GCC_WARN_UNDECLARED_SELECTOR = YES;
				GCC_WARN_UNINITIALIZED_AUTOS = YES_AGGRESSIVE;
				GCC_WARN_UNUSED_FUNCTION = YES;
				GCC_WARN_UNUSED_VARIABLE = YES;
				GENERATE_INFOPLIST_FILE = YES;
				INFOPLIST_KEY_CFBundleIconName = AppIcon;
				INFOPLIST_KEY_UILaunchScreen_Generation = YES;
				INFOPLIST_KEY_UISupportedInterfaceOrientations_iPad = (
					UIInterfaceOrientationPortrait,
					UIInterfaceOrientationPortraitUpsideDown,
					UIInterfaceOrientationLandscapeLeft,
					UIInterfaceOrientationLandscapeRight,
				);
				INFOPLIST_KEY_UISupportedInterfaceOrientations_iPhone = (
					UIInterfaceOrientationPortrait,
					UIInterfaceOrientationLandscapeLeft,
					UIInterfaceOrientationLandscapeRight,
				);
				IPHONEOS_DEPLOYMENT_TARGET = 18.0;
				MARKETING_VERSION = "0.1.0-dev";
				MTL_ENABLE_DEBUG_INFO = INCLUDE_SOURCE;
				MTL_FAST_MATH = YES;
				ONLY_ACTIVE_ARCH = YES;
				PRODUCT_NAME = "Greats Of Bharatha";
				SDKROOT = iphoneos;
				SUPPORTS_MACCATALYST = NO;
				SWIFT_ACTIVE_COMPILATION_CONDITIONS = DEBUG;
				SWIFT_OPTIMIZATION_LEVEL = "-Onone";
				SWIFT_VERSION = 6.0;
				TARGETED_DEVICE_FAMILY = "1,2";
			};
			name = Debug;
		};
		B5E80E9DE6A1E95CB2F6A3B5 /* Release */ = {
			isa = XCBuildConfiguration;
			buildSettings = {
				ASSETCATALOG_COMPILER_APPICON_NAME = AppIcon;
				CODE_SIGN_IDENTITY = "iPhone Developer";
				INFOPLIST_KEY_CFBundleDisplayName = "Greats Of Bharatha";
				INFOPLIST_KEY_UIApplicationSceneManifest_Generation = YES;
				INFOPLIST_KEY_UIStatusBarStyle = UIStatusBarStyleDefault;
				LD_RUNPATH_SEARCH_PATHS = (
					"$(inherited)",
					"@executable_path/Frameworks",
				);
				PRODUCT_BUNDLE_IDENTIFIER = com.ganesh47.greatsofbharatha;
				PRODUCT_NAME = "Greats Of Bharatha";
				SDKROOT = iphoneos;
				TARGETED_DEVICE_FAMILY = "1,2";
			};
			name = Release;
		};
		C96C93902DF0FE2E6ED2A42A /* Debug */ = {
			isa = XCBuildConfiguration;
			buildSettings = {
				BUNDLE_LOADER = "$(TEST_HOST)";
				GENERATE_INFOPLIST_FILE = YES;
				LD_RUNPATH_SEARCH_PATHS = (
					"$(inherited)",
					"@executable_path/Frameworks",
					"@loader_path/Frameworks",
				);
				PRODUCT_BUNDLE_IDENTIFIER = com.ganesh47.greatsofbharatha.tests;
				PRODUCT_MODULE_NAME = GreatsOfBharathaTests;
				PRODUCT_NAME = GreatsOfBharathaTests;
				SDKROOT = iphoneos;
				TARGETED_DEVICE_FAMILY = "1,2";
				TEST_HOST = "$(BUILT_PRODUCTS_DIR)/Greats Of Bharatha.app/Greats Of Bharatha";
			};
			name = Debug;
		};
/* End XCBuildConfiguration section */

/* Begin XCConfigurationList section */
		38045A41A54DB3EEEEBB5A32 /* Build configuration list for PBXNativeTarget "GreatsOfBharathaTests" */ = {
			isa = XCConfigurationList;
			buildConfigurations = (
				C96C93902DF0FE2E6ED2A42A /* Debug */,
				0A6D3554A070EEDF6B1BD7CC /* Release */,
			);
			defaultConfigurationIsVisible = 0;
			defaultConfigurationName = Debug;
		};
		452A9856857D7E37DC084E72 /* Build configuration list for PBXProject "GreatsOfBharatha" */ = {
			isa = XCConfigurationList;
			buildConfigurations = (
				A73E592A07EF635FE1AEA2CE /* Debug */,
				16FAE0FC0AED394000D72DA9 /* Release */,
			);
			defaultConfigurationIsVisible = 0;
			defaultConfigurationName = Debug;
		};
		C44C21608E4054D77ED127F3 /* Build configuration list for PBXNativeTarget "GreatsOfBharatha" */ = {
			isa = XCConfigurationList;
			buildConfigurations = (
				3E8B000B8EEAB7587CC0553B /* Debug */,
				B5E80E9DE6A1E95CB2F6A3B5 /* Release */,
			);
			defaultConfigurationIsVisible = 0;
			defaultConfigurationName = Debug;
		};
/* End XCConfigurationList section */
	};
	rootObject = 4A262F71F3F0F07F3FD4F4D5 /* Project object */;
}
